// !$*UTF8*$!
{
	archiveVersion = 1;
	classes = {
	};
	objectVersion = 55;
	objects = {

/* Begin PBXBuildFile section */
		24B492CB28B8927000A210FF /* AppDelegate.swift in Sources */ = {isa = PBXBuildFile; fileRef = 24B492CA28B8927000A210FF /* AppDelegate.swift */; };
		24B492CD28B8927000A210FF /* SceneDelegate.swift in Sources */ = {isa = PBXBuildFile; fileRef = 24B492CC28B8927000A210FF /* SceneDelegate.swift */; };
		24B492CF28B8927000A210FF /* NoteDetailVC.swift in Sources */ = {isa = PBXBuildFile; fileRef = 24B492CE28B8927000A210FF /* NoteDetailVC.swift */; };
		24B492D228B8927000A210FF /* Main.storyboard in Resources */ = {isa = PBXBuildFile; fileRef = 24B492D028B8927000A210FF /* Main.storyboard */; };
		24B492D528B8927000A210FF /* Muchaidze_Lecture_26.xcdatamodeld in Sources */ = {isa = PBXBuildFile; fileRef = 24B492D328B8927000A210FF /* Muchaidze_Lecture_26.xcdatamodeld */; };
		24B492D728B8927100A210FF /* Assets.xcassets in Resources */ = {isa = PBXBuildFile; fileRef = 24B492D628B8927100A210FF /* Assets.xcassets */; };
		24B492DA28B8927100A210FF /* LaunchScreen.storyboard in Resources */ = {isa = PBXBuildFile; fileRef = 24B492D828B8927100A210FF /* LaunchScreen.storyboard */; };
		24B492E228B895DB00A210FF /* NoteCell.swift in Sources */ = {isa = PBXBuildFile; fileRef = 24B492E128B895DB00A210FF /* NoteCell.swift */; };
		24B492E428B895EC00A210FF /* NoteTableView.swift in Sources */ = {isa = PBXBuildFile; fileRef = 24B492E328B895EC00A210FF /* NoteTableView.swift */; };
		24B492E628B8990100A210FF /* Note.swift in Sources */ = {isa = PBXBuildFile; fileRef = 24B492E528B8990100A210FF /* Note.swift */; };
/* End PBXBuildFile section */

/* Begin PBXFileReference section */
		24B492C728B8927000A210FF /* Muchaidze_Lecture_26.app */ = {isa = PBXFileReference; explicitFileType = wrapper.application; includeInIndex = 0; path = Muchaidze_Lecture_26.app; sourceTree = BUILT_PRODUCTS_DIR; };
		24B492CA28B8927000A210FF /* AppDelegate.swift */ = {isa = PBXFileReference; lastKnownFileType = sourcecode.swift; path = AppDelegate.swift; sourceTree = "<group>"; };
		24B492CC28B8927000A210FF /* SceneDelegate.swift */ = {isa = PBXFileReference; lastKnownFileType = sourcecode.swift; path = SceneDelegate.swift; sourceTree = "<group>"; };
		24B492CE28B8927000A210FF /* NoteDetailVC.swift */ = {isa = PBXFileReference; lastKnownFileType = sourcecode.swift; path = NoteDetailVC.swift; sourceTree = "<group>"; };
		24B492D128B8927000A210FF /* Base */ = {isa = PBXFileReference; lastKnownFileType = file.storyboard; name = Base; path = Base.lproj/Main.storyboard; sourceTree = "<group>"; };
		24B492D428B8927000A210FF /* Muchaidze_Lecture_26.xcdatamodel */ = {isa = PBXFileReference; lastKnownFileType = wrapper.xcdatamodel; path = Muchaidze_Lecture_26.xcdatamodel; sourceTree = "<group>"; };
		24B492D628B8927100A210FF /* Assets.xcassets */ = {isa = PBXFileReference; lastKnownFileType = folder.assetcatalog; path = Assets.xcassets; sourceTree = "<group>"; };
		24B492D928B8927100A210FF /* Base */ = {isa = PBXFileReference; lastKnownFileType = file.storyboard; name = Base; path = Base.lproj/LaunchScreen.storyboard; sourceTree = "<group>"; };
		24B492DB28B8927100A210FF /* Info.plist */ = {isa = PBXFileReference; lastKnownFileType = text.plist.xml; path = Info.plist; sourceTree = "<group>"; };
		24B492E128B895DB00A210FF /* NoteCell.swift */ = {isa = PBXFileReference; lastKnownFileType = sourcecode.swift; path = NoteCell.swift; sourceTree = "<group>"; };
		24B492E328B895EC00A210FF /* NoteTableView.swift */ = {isa = PBXFileReference; lastKnownFileType = sourcecode.swift; path = NoteTableView.swift; sourceTree = "<group>"; };
		24B492E528B8990100A210FF /* Note.swift */ = {isa = PBXFileReference; lastKnownFileType = sourcecode.swift; path = Note.swift; sourceTree = "<group>"; };
/* End PBXFileReference section */

/* Begin PBXFrameworksBuildPhase section */
		24B492C428B8927000A210FF /* Frameworks */ = {
			isa = PBXFrameworksBuildPhase;
			buildActionMask = 2147483647;
			files = (
			);
			runOnlyForDeploymentPostprocessing = 0;
		};
/* End PBXFrameworksBuildPhase section */

/* Begin PBXGroup section */
		24B492BE28B8927000A210FF = {
			isa = PBXGroup;
			children = (
				24B492C928B8927000A210FF /* Muchaidze_Lecture_26 */,
				24B492C828B8927000A210FF /* Products */,
			);
			sourceTree = "<group>";
		};
		24B492C828B8927000A210FF /* Products */ = {
			isa = PBXGroup;
			children = (
				24B492C728B8927000A210FF /* Muchaidze_Lecture_26.app */,
			);
			name = Products;
			sourceTree = "<group>";
		};
		24B492C928B8927000A210FF /* Muchaidze_Lecture_26 */ = {
			isa = PBXGroup;
			children = (
				24B492CA28B8927000A210FF /* AppDelegate.swift */,
				24B492CC28B8927000A210FF /* SceneDelegate.swift */,
				24B492CE28B8927000A210FF /* NoteDetailVC.swift */,
				24B492D028B8927000A210FF /* Main.storyboard */,
				24B492E128B895DB00A210FF /* NoteCell.swift */,
				24B492E328B895EC00A210FF /* NoteTableView.swift */,
				24B492E528B8990100A210FF /* Note.swift */,
				24B492D628B8927100A210FF /* Assets.xcassets */,
				24B492D828B8927100A210FF /* LaunchScreen.storyboard */,
				24B492DB28B8927100A210FF /* Info.plist */,
				24B492D328B8927000A210FF /* Muchaidze_Lecture_26.xcdatamodeld */,
			);
			path = Muchaidze_Lecture_26;
			sourceTree = "<group>";
		};
/* End PBXGroup section */

/* Begin PBXNativeTarget section */
		24B492C628B8927000A210FF /* Muchaidze_Lecture_26 */ = {
			isa = PBXNativeTarget;
			buildConfigurationList = 24B492DE28B8927100A210FF /* Build configuration list for PBXNativeTarget "Muchaidze_Lecture_26" */;
			buildPhases = (
				24B492C328B8927000A210FF /* Sources */,
				24B492C428B8927000A210FF /* Frameworks */,
				24B492C528B8927000A210FF /* Resources */,
			);
			buildRules = (
			);
			dependencies = (
			);
			name = Muchaidze_Lecture_26;
			productName = Muchaidze_Lecture_26;
			productReference = 24B492C728B8927000A210FF /* Muchaidze_Lecture_26.app */;
			productType = "com.apple.product-type.application";
		};
/* End PBXNativeTarget section */

/* Begin PBXProject section */
		24B492BF28B8927000A210FF /* Project object */ = {
			isa = PBXProject;
			attributes = {
				BuildIndependentTargetsInParallel = 1;
				LastSwiftUpdateCheck = 1340;
				LastUpgradeCheck = 1340;
				TargetAttributes = {
					24B492C628B8927000A210FF = {
						CreatedOnToolsVersion = 13.4.1;
					};
				};
			};
			buildConfigurationList = 24B492C228B8927000A210FF /* Build configuration list for PBXProject "Muchaidze_Lecture_26" */;
			compatibilityVersion = "Xcode 13.0";
			developmentRegion = en;
			hasScannedForEncodings = 0;
			knownRegions = (
				en,
				Base,
			);
			mainGroup = 24B492BE28B8927000A210FF;
			productRefGroup = 24B492C828B8927000A210FF /* Products */;
			projectDirPath = "";
			projectRoot = "";
			targets = (
				24B492C628B8927000A210FF /* Muchaidze_Lecture_26 */,
			);
		};
/* End PBXProject section */

/* Begin PBXResourcesBuildPhase section */
		24B492C528B8927000A210FF /* Resources */ = {
			isa = PBXResourcesBuildPhase;
			buildActionMask = 2147483647;
			files = (
				24B492DA28B8927100A210FF /* LaunchScreen.storyboard in Resources */,
				24B492D728B8927100A210FF /* Assets.xcassets in Resources */,
				24B492D228B8927000A210FF /* Main.storyboard in Resources */,
			);
			runOnlyForDeploymentPostprocessing = 0;
		};
/* End PBXResourcesBuildPhase section */

/* Begin PBXSourcesBuildPhase section */
		24B492C328B8927000A210FF /* Sources */ = {
			isa = PBXSourcesBuildPhase;
			buildActionMask = 2147483647;
			files = (
				24B492CF28B8927000A210FF /* NoteDetailVC.swift in Sources */,
				24B492E428B895EC00A210FF /* NoteTableView.swift in Sources */,
				24B492E628B8990100A210FF /* Note.swift in Sources */,
				24B492CB28B8927000A210FF /* AppDelegate.swift in Sources */,
				24B492E228B895DB00A210FF /* NoteCell.swift in Sources */,
				24B492CD28B8927000A210FF /* SceneDelegate.swift in Sources */,
				24B492D528B8927000A210FF /* Muchaidze_Lecture_26.xcdatamodeld in Sources */,
			);
			runOnlyForDeploymentPostprocessing = 0;
		};
/* End PBXSourcesBuildPhase section */

/* Begin PBXVariantGroup section */
		24B492D028B8927000A210FF /* Main.storyboard */ = {
			isa = PBXVariantGroup;
			children = (
				24B492D128B8927000A210FF /* Base */,
			);
			name = Main.storyboard;
			sourceTree = "<group>";
		};
		24B492D828B8927100A210FF /* LaunchScreen.storyboard */ = {
			isa = PBXVariantGroup;
			children = (
				24B492D928B8927100A210FF /* Base */,
			);
			name = LaunchScreen.storyboard;
			sourceTree = "<group>";
		};
/* End PBXVariantGroup section */

/* Begin XCBuildConfiguration section */
		24B492DC28B8927100A210FF /* Debug */ = {
			isa = XCBuildConfiguration;
			buildSettings = {
				ALWAYS_SEARCH_USER_PATHS = NO;
				CLANG_ANALYZER_NONNULL = YES;
				CLANG_ANALYZER_NUMBER_OBJECT_CONVERSION = YES_AGGRESSIVE;
				CLANG_CXX_LANGUAGE_STANDARD = "gnu++17";
				CLANG_ENABLE_MODULES = YES;
				CLANG_ENABLE_OBJC_ARC = YES;
				CLANG_ENABLE_OBJC_WEAK = YES;
				CLANG_WARN_BLOCK_CAPTURE_AUTORELEASING = YES;
				CLANG_WARN_BOOL_CONVERSION = YES;
				CLANG_WARN_COMMA = YES;
				CLANG_WARN_CONSTANT_CONVERSION = YES;
				CLANG_WARN_DEPRECATED_OBJC_IMPLEMENTATIONS = YES;
				CLANG_WARN_DIRECT_OBJC_ISA_USAGE = YES_ERROR;
				CLANG_WARN_DOCUMENTATION_COMMENTS = YES;
				CLANG_WARN_EMPTY_BODY = YES;
				CLANG_WARN_ENUM_CONVERSION = YES;
				CLANG_WARN_INFINITE_RECURSION = YES;
				CLANG_WARN_INT_CONVERSION = YES;
				CLANG_WARN_NON_LITERAL_NULL_CONVERSION = YES;
				CLANG_WARN_OBJC_IMPLICIT_RETAIN_SELF = YES;
				CLANG_WARN_OBJC_LITERAL_CONVERSION = YES;
				CLANG_WARN_OBJC_ROOT_CLASS = YES_ERROR;
				CLANG_WARN_QUOTED_INCLUDE_IN_FRAMEWORK_HEADER = YES;
				CLANG_WARN_RANGE_LOOP_ANALYSIS = YES;
				CLANG_WARN_STRICT_PROTOTYPES = YES;
				CLANG_WARN_SUSPICIOUS_MOVE = YES;
				CLANG_WARN_UNGUARDED_AVAILABILITY = YES_AGGRESSIVE;
				CLANG_WARN_UNREACHABLE_CODE = YES;
				CLANG_WARN__DUPLICATE_METHOD_MATCH = YES;
				COPY_PHASE_STRIP = NO;
				DEBUG_INFORMATION_FORMAT = dwarf;
				ENABLE_STRICT_OBJC_MSGSEND = YES;
				ENABLE_TESTABILITY = YES;
				GCC_C_LANGUAGE_STANDARD = gnu11;
				GCC_DYNAMIC_NO_PIC = NO;
				GCC_NO_COMMON_BLOCKS = YES;
				GCC_OPTIMIZATION_LEVEL = 0;
				GCC_PREPROCESSOR_DEFINITIONS = (
					"DEBUG=1",
					"$(inherited)",
				);
				GCC_WARN_64_TO_32_BIT_CONVERSION = YES;
				GCC_WARN_ABOUT_RETURN_TYPE = YES_ERROR;
				GCC_WARN_UNDECLARED_SELECTOR = YES;
				GCC_WARN_UNINITIALIZED_AUTOS = YES_AGGRESSIVE;
				GCC_WARN_UNUSED_FUNCTION = YES;
				GCC_WARN_UNUSED_VARIABLE = YES;
				IPHONEOS_DEPLOYMENT_TARGET = 15.5;
				MTL_ENABLE_DEBUG_INFO = INCLUDE_SOURCE;
				MTL_FAST_MATH = YES;
				ONLY_ACTIVE_ARCH = YES;
				SDKROOT = iphoneos;
				SWIFT_ACTIVE_COMPILATION_CONDITIONS = DEBUG;
				SWIFT_OPTIMIZATION_LEVEL = "-Onone";
			};
			name = Debug;
		};
		24B492DD28B8927100A210FF /* Release */ = {
			isa = XCBuildConfiguration;
			buildSettings = {
				ALWAYS_SEARCH_USER_PATHS = NO;
				CLANG_ANALYZER_NONNULL = YES;
				CLANG_ANALYZER_NUMBER_OBJECT_CONVERSION = YES_AGGRESSIVE;
				CLANG_CXX_LANGUAGE_STANDARD = "gnu++17";
				CLANG_ENABLE_MODULES = YES;
				CLANG_ENABLE_OBJC_ARC = YES;
				CLANG_ENABLE_OBJC_WEAK = YES;
				CLANG_WARN_BLOCK_CAPTURE_AUTORELEASING = YES;
				CLANG_WARN_BOOL_CONVERSION = YES;
				CLANG_WARN_COMMA = YES;
				CLANG_WARN_CONSTANT_CONVERSION = YES;
				CLANG_WARN_DEPRECATED_OBJC_IMPLEMENTATIONS = YES;
				CLANG_WARN_DIRECT_OBJC_ISA_USAGE = YES_ERROR;
				CLANG_WARN_DOCUMENTATION_COMMENTS = YES;
				CLANG_WARN_EMPTY_BODY = YES;
				CLANG_WARN_ENUM_CONVERSION = YES;
				CLANG_WARN_INFINITE_RECURSION = YES;
				CLANG_WARN_INT_CONVERSION = YES;
				CLANG_WARN_NON_LITERAL_NULL_CONVERSION = YES;
				CLANG_WARN_OBJC_IMPLICIT_RETAIN_SELF = YES;
				CLANG_WARN_OBJC_LITERAL_CONVERSION = YES;
				CLANG_WARN_OBJC_ROOT_CLASS = YES_ERROR;
				CLANG_WARN_QUOTED_INCLUDE_IN_FRAMEWORK_HEADER = YES;
				CLANG_WARN_RANGE_LOOP_ANALYSIS = YES;
				CLANG_WARN_STRICT_PROTOTYPES = YES;
				CLANG_WARN_SUSPICIOUS_MOVE = YES;
				CLANG_WARN_UNGUARDED_AVAILABILITY = YES_AGGRESSIVE;
				CLANG_WARN_UNREACHABLE_CODE = YES;
				CLANG_WARN__DUPLICATE_METHOD_MATCH = YES;
				COPY_PHASE_STRIP = NO;
				DEBUG_INFORMATION_FORMAT = "dwarf-with-dsym";
				ENABLE_NS_ASSERTIONS = NO;
				ENABLE_STRICT_OBJC_MSGSEND = YES;
				GCC_C_LANGUAGE_STANDARD = gnu11;
				GCC_NO_COMMON_BLOCKS = YES;
				GCC_WARN_64_TO_32_BIT_CONVERSION = YES;
				GCC_WARN_ABOUT_RETURN_TYPE = YES_ERROR;
				GCC_WARN_UNDECLARED_SELECTOR = YES;
				GCC_WARN_UNINITIALIZED_AUTOS = YES_AGGRESSIVE;
				GCC_WARN_UNUSED_FUNCTION = YES;
				GCC_WARN_UNUSED_VARIABLE = YES;
				IPHONEOS_DEPLOYMENT_TARGET = 15.5;
				MTL_ENABLE_DEBUG_INFO = NO;
				MTL_FAST_MATH = YES;
				SDKROOT = iphoneos;
				SWIFT_COMPILATION_MODE = wholemodule;
				SWIFT_OPTIMIZATION_LEVEL = "-O";
				VALIDATE_PRODUCT = YES;
			};
			name = Release;
		};
		24B492DF28B8927100A210FF /* Debug */ = {
			isa = XCBuildConfiguration;
			buildSettings = {
				ASSETCATALOG_COMPILER_APPICON_NAME = AppIcon;
				ASSETCATALOG_COMPILER_GLOBAL_ACCENT_COLOR_NAME = AccentColor;
				CODE_SIGN_STYLE = Automatic;
				CURRENT_PROJECT_VERSION = 1;
				DEVELOPMENT_TEAM = SH225JG2GM;
				GENERATE_INFOPLIST_FILE = YES;
				INFOPLIST_FILE = Muchaidze_Lecture_26/Info.plist;
				INFOPLIST_KEY_UIApplicationSupportsIndirectInputEvents = YES;
				INFOPLIST_KEY_UILaunchStoryboardName = LaunchScreen;
				INFOPLIST_KEY_UIMainStoryboardFile = Main;
				INFOPLIST_KEY_UISupportedInterfaceOrientations_iPad = "UIInterfaceOrientationPortrait UIInterfaceOrientationPortraitUpsideDown UIInterfaceOrientationLandscapeLeft UIInterfaceOrientationLandscapeRight";
				INFOPLIST_KEY_UISupportedInterfaceOrientations_iPhone = "UIInterfaceOrientationPortrait UIInterfaceOrientationLandscapeLeft UIInterfaceOrientationLandscapeRight";
				LD_RUNPATH_SEARCH_PATHS = (
					"$(inherited)",
					"@executable_path/Frameworks",
				);
				MARKETING_VERSION = 1.0;
				PRODUCT_BUNDLE_IDENTIFIER = "ge.Mikheil-Muchaidze.Muchaidze-Lecture-26";
				PRODUCT_NAME = "$(TARGET_NAME)";
				SWIFT_EMIT_LOC_STRINGS = YES;
				SWIFT_VERSION = 5.0;
				TARGETED_DEVICE_FAMILY = "1,2";
			};
			name = Debug;
		};
		24B492E028B8927100A210FF /* Release */ = {
			isa = XCBuildConfiguration;
			buildSettings = {
				ASSETCATALOG_COMPILER_APPICON_NAME = AppIcon;
				ASSETCATALOG_COMPILER_GLOBAL_ACCENT_COLOR_NAME = AccentColor;
				CODE_SIGN_STYLE = Automatic;
				CURRENT_PROJECT_VERSION = 1;
				DEVELOPMENT_TEAM = SH225JG2GM;
				GENERATE_INFOPLIST_FILE = YES;
				INFOPLIST_FILE = Muchaidze_Lecture_26/Info.plist;
				INFOPLIST_KEY_UIApplicationSupportsIndirectInputEvents = YES;
				INFOPLIST_KEY_UILaunchStoryboardName = LaunchScreen;
				INFOPLIST_KEY_UIMainStoryboardFile = Main;
				INFOPLIST_KEY_UISupportedInterfaceOrientations_iPad = "UIInterfaceOrientationPortrait UIInterfaceOrientationPortraitUpsideDown UIInterfaceOrientationLandscapeLeft UIInterfaceOrientationLandscapeRight";
				INFOPLIST_KEY_UISupportedInterfaceOrientations_iPhone = "UIInterfaceOrientationPortrait UIInterfaceOrientationLandscapeLeft UIInterfaceOrientationLandscapeRight";
				LD_RUNPATH_SEARCH_PATHS = (
					"$(inherited)",
					"@executable_path/Frameworks",
				);
				MARKETING_VERSION = 1.0;
				PRODUCT_BUNDLE_IDENTIFIER = "ge.Mikheil-Muchaidze.Muchaidze-Lecture-26";
				PRODUCT_NAME = "$(TARGET_NAME)";
				SWIFT_EMIT_LOC_STRINGS = YES;
				SWIFT_VERSION = 5.0;
				TARGETED_DEVICE_FAMILY = "1,2";
			};
			name = Release;
		};
/* End XCBuildConfiguration section */

/* Begin XCConfigurationList section */
		24B492C228B8927000A210FF /* Build configuration list for PBXProject "Muchaidze_Lecture_26" */ = {
			isa = XCConfigurationList;
			buildConfigurations = (
				24B492DC28B8927100A210FF /* Debug */,
				24B492DD28B8927100A210FF /* Release */,
			);
			defaultConfigurationIsVisible = 0;
			defaultConfigurationName = Release;
		};
		24B492DE28B8927100A210FF /* Build configuration list for PBXNativeTarget "Muchaidze_Lecture_26" */ = {
			isa = XCConfigurationList;
			buildConfigurations = (
				24B492DF28B8927100A210FF /* Debug */,
				24B492E028B8927100A210FF /* Release */,
			);
			defaultConfigurationIsVisible = 0;
			defaultConfigurationName = Release;
		};
/* End XCConfigurationList section */

/* Begin XCVersionGroup section */
		24B492D328B8927000A210FF /* Muchaidze_Lecture_26.xcdatamodeld */ = {
			isa = XCVersionGroup;
			children = (
				24B492D428B8927000A210FF /* Muchaidze_Lecture_26.xcdatamodel */,
			);
			currentVersion = 24B492D428B8927000A210FF /* Muchaidze_Lecture_26.xcdatamodel */;
			path = Muchaidze_Lecture_26.xcdatamodeld;
			sourceTree = "<group>";
			versionGroupType = wrapper.xcdatamodel;
		};
/* End XCVersionGroup section */
	};
	rootObject = 24B492BF28B8927000A210FF /* Project object */;
}
