// !$*UTF8*$!
{
	archiveVersion = 1;
	classes = {
	};
	objectVersion = 55;
	objects = {

/* Begin PBXBuildFile section */
		24630C9A28A471FE00135185 /* AppDelegate.swift in Sources */ = {isa = PBXBuildFile; fileRef = 24630C9928A471FE00135185 /* AppDelegate.swift */; };
		24630C9C28A471FE00135185 /* SceneDelegate.swift in Sources */ = {isa = PBXBuildFile; fileRef = 24630C9B28A471FE00135185 /* SceneDelegate.swift */; };
		24630CA128A471FE00135185 /* Main.storyboard in Resources */ = {isa = PBXBuildFile; fileRef = 24630C9F28A471FE00135185 /* Main.storyboard */; };
		24630CA328A471FF00135185 /* Assets.xcassets in Resources */ = {isa = PBXBuildFile; fileRef = 24630CA228A471FF00135185 /* Assets.xcassets */; };
		24630CA628A471FF00135185 /* LaunchScreen.storyboard in Resources */ = {isa = PBXBuildFile; fileRef = 24630CA428A471FF00135185 /* LaunchScreen.storyboard */; };
		24733A7528A56A620014D37B /* DataBase.swift in Sources */ = {isa = PBXBuildFile; fileRef = 24733A7428A56A620014D37B /* DataBase.swift */; };
		24BCDD1128A5333900C284CC /* CountryTableViewController.swift in Sources */ = {isa = PBXBuildFile; fileRef = 24BCDD1028A5333900C284CC /* CountryTableViewController.swift */; };
		24BCDD1328A5335F00C284CC /* CountryDetailsViewController.swift in Sources */ = {isa = PBXBuildFile; fileRef = 24BCDD1228A5335F00C284CC /* CountryDetailsViewController.swift */; };
		24BCDD1528A537D700C284CC /* CountryTableViewCell.swift in Sources */ = {isa = PBXBuildFile; fileRef = 24BCDD1428A537D700C284CC /* CountryTableViewCell.swift */; };
/* End PBXBuildFile section */

/* Begin PBXFileReference section */
		24630C9628A471FE00135185 /* Muchaidze_Lecture_21.app */ = {isa = PBXFileReference; explicitFileType = wrapper.application; includeInIndex = 0; path = Muchaidze_Lecture_21.app; sourceTree = BUILT_PRODUCTS_DIR; };
		24630C9928A471FE00135185 /* AppDelegate.swift */ = {isa = PBXFileReference; lastKnownFileType = sourcecode.swift; path = AppDelegate.swift; sourceTree = "<group>"; };
		24630C9B28A471FE00135185 /* SceneDelegate.swift */ = {isa = PBXFileReference; lastKnownFileType = sourcecode.swift; path = SceneDelegate.swift; sourceTree = "<group>"; };
		24630CA028A471FE00135185 /* Base */ = {isa = PBXFileReference; lastKnownFileType = file.storyboard; name = Base; path = Base.lproj/Main.storyboard; sourceTree = "<group>"; };
		24630CA228A471FF00135185 /* Assets.xcassets */ = {isa = PBXFileReference; lastKnownFileType = folder.assetcatalog; path = Assets.xcassets; sourceTree = "<group>"; };
		24630CA528A471FF00135185 /* Base */ = {isa = PBXFileReference; lastKnownFileType = file.storyboard; name = Base; path = Base.lproj/LaunchScreen.storyboard; sourceTree = "<group>"; };
		24630CA728A471FF00135185 /* Info.plist */ = {isa = PBXFileReference; lastKnownFileType = text.plist.xml; path = Info.plist; sourceTree = "<group>"; };
		24733A7428A56A620014D37B /* DataBase.swift */ = {isa = PBXFileReference; lastKnownFileType = sourcecode.swift; path = DataBase.swift; sourceTree = "<group>"; };
		24BCDD1028A5333900C284CC /* CountryTableViewController.swift */ = {isa = PBXFileReference; lastKnownFileType = sourcecode.swift; path = CountryTableViewController.swift; sourceTree = "<group>"; };
		24BCDD1228A5335F00C284CC /* CountryDetailsViewController.swift */ = {isa = PBXFileReference; lastKnownFileType = sourcecode.swift; path = CountryDetailsViewController.swift; sourceTree = "<group>"; };
		24BCDD1428A537D700C284CC /* CountryTableViewCell.swift */ = {isa = PBXFileReference; lastKnownFileType = sourcecode.swift; path = CountryTableViewCell.swift; sourceTree = "<group>"; };
/* End PBXFileReference section */

/* Begin PBXFrameworksBuildPhase section */
		24630C9328A471FE00135185 /* Frameworks */ = {
			isa = PBXFrameworksBuildPhase;
			buildActionMask = 2147483647;
			files = (
			);
			runOnlyForDeploymentPostprocessing = 0;
		};
/* End PBXFrameworksBuildPhase section */

/* Begin PBXGroup section */
		24630C8D28A471FE00135185 = {
			isa = PBXGroup;
			children = (
				24630C9828A471FE00135185 /* Muchaidze_Lecture_21 */,
				24630C9728A471FE00135185 /* Products */,
			);
			sourceTree = "<group>";
		};
		24630C9728A471FE00135185 /* Products */ = {
			isa = PBXGroup;
			children = (
				24630C9628A471FE00135185 /* Muchaidze_Lecture_21.app */,
			);
			name = Products;
			sourceTree = "<group>";
		};
		24630C9828A471FE00135185 /* Muchaidze_Lecture_21 */ = {
			isa = PBXGroup;
			children = (
				24630C9928A471FE00135185 /* AppDelegate.swift */,
				24630C9B28A471FE00135185 /* SceneDelegate.swift */,
				24630C9F28A471FE00135185 /* Main.storyboard */,
				24BCDD1028A5333900C284CC /* CountryTableViewController.swift */,
				24733A7428A56A620014D37B /* DataBase.swift */,
				24BCDD1428A537D700C284CC /* CountryTableViewCell.swift */,
				24BCDD1228A5335F00C284CC /* CountryDetailsViewController.swift */,
				24630CA228A471FF00135185 /* Assets.xcassets */,
				24630CA428A471FF00135185 /* LaunchScreen.storyboard */,
				24630CA728A471FF00135185 /* Info.plist */,
			);
			path = Muchaidze_Lecture_21;
			sourceTree = "<group>";
		};
/* End PBXGroup section */

/* Begin PBXNativeTarget section */
		24630C9528A471FE00135185 /* Muchaidze_Lecture_21 */ = {
			isa = PBXNativeTarget;
			buildConfigurationList = 24630CAA28A471FF00135185 /* Build configuration list for PBXNativeTarget "Muchaidze_Lecture_21" */;
			buildPhases = (
				24630C9228A471FE00135185 /* Sources */,
				24630C9328A471FE00135185 /* Frameworks */,
				24630C9428A471FE00135185 /* Resources */,
			);
			buildRules = (
			);
			dependencies = (
			);
			name = Muchaidze_Lecture_21;
			productName = Muchaidze_Lecture_21;
			productReference = 24630C9628A471FE00135185 /* Muchaidze_Lecture_21.app */;
			productType = "com.apple.product-type.application";
		};
/* End PBXNativeTarget section */

/* Begin PBXProject section */
		24630C8E28A471FE00135185 /* Project object */ = {
			isa = PBXProject;
			attributes = {
				BuildIndependentTargetsInParallel = 1;
				LastSwiftUpdateCheck = 1340;
				LastUpgradeCheck = 1340;
				TargetAttributes = {
					24630C9528A471FE00135185 = {
						CreatedOnToolsVersion = 13.4.1;
					};
				};
			};
			buildConfigurationList = 24630C9128A471FE00135185 /* Build configuration list for PBXProject "Muchaidze_Lecture_21" */;
			compatibilityVersion = "Xcode 13.0";
			developmentRegion = en;
			hasScannedForEncodings = 0;
			knownRegions = (
				en,
				Base,
			);
			mainGroup = 24630C8D28A471FE00135185;
			productRefGroup = 24630C9728A471FE00135185 /* Products */;
			projectDirPath = "";
			projectRoot = "";
			targets = (
				24630C9528A471FE00135185 /* Muchaidze_Lecture_21 */,
			);
		};
/* End PBXProject section */

/* Begin PBXResourcesBuildPhase section */
		24630C9428A471FE00135185 /* Resources */ = {
			isa = PBXResourcesBuildPhase;
			buildActionMask = 2147483647;
			files = (
				24630CA628A471FF00135185 /* LaunchScreen.storyboard in Resources */,
				24630CA328A471FF00135185 /* Assets.xcassets in Resources */,
				24630CA128A471FE00135185 /* Main.storyboard in Resources */,
			);
			runOnlyForDeploymentPostprocessing = 0;
		};
/* End PBXResourcesBuildPhase section */

/* Begin PBXSourcesBuildPhase section */
		24630C9228A471FE00135185 /* Sources */ = {
			isa = PBXSourcesBuildPhase;
			buildActionMask = 2147483647;
			files = (
				24630C9A28A471FE00135185 /* AppDelegate.swift in Sources */,
				24630C9C28A471FE00135185 /* SceneDelegate.swift in Sources */,
				24BCDD1328A5335F00C284CC /* CountryDetailsViewController.swift in Sources */,
				24BCDD1128A5333900C284CC /* CountryTableViewController.swift in Sources */,
				24733A7528A56A620014D37B /* DataBase.swift in Sources */,
				24BCDD1528A537D700C284CC /* CountryTableViewCell.swift in Sources */,
			);
			runOnlyForDeploymentPostprocessing = 0;
		};
/* End PBXSourcesBuildPhase section */

/* Begin PBXVariantGroup section */
		24630C9F28A471FE00135185 /* Main.storyboard */ = {
			isa = PBXVariantGroup;
			children = (
				24630CA028A471FE00135185 /* Base */,
			);
			name = Main.storyboard;
			sourceTree = "<group>";
		};
		24630CA428A471FF00135185 /* LaunchScreen.storyboard */ = {
			isa = PBXVariantGroup;
			children = (
				24630CA528A471FF00135185 /* Base */,
			);
			name = LaunchScreen.storyboard;
			sourceTree = "<group>";
		};
/* End PBXVariantGroup section */

/* Begin XCBuildConfiguration section */
		24630CA828A471FF00135185 /* Debug */ = {
			isa = XCBuildConfiguration;
			buildSettings = {
				ALWAYS_SEARCH_USER_PATHS = NO;
				CLANG_ANALYZER_NONNULL = YES;
				CLANG_ANALYZER_NUMBER_OBJECT_CONVERSION = YES_AGGRESSIVE;
				CLANG_CXX_LANGUAGE_STANDARD = "gnu++17";
				CLANG_ENABLE_MODULES = YES;
				CLANG_ENABLE_OBJC_ARC = YES;
				CLANG_ENABLE_OBJC_WEAK = YES;
				CLANG_WARN_BLOCK_CAPTURE_AUTORELEASING = YES;
				CLANG_WARN_BOOL_CONVERSION = YES;
				CLANG_WARN_COMMA = YES;
				CLANG_WARN_CONSTANT_CONVERSION = YES;
				CLANG_WARN_DEPRECATED_OBJC_IMPLEMENTATIONS = YES;
				CLANG_WARN_DIRECT_OBJC_ISA_USAGE = YES_ERROR;
				CLANG_WARN_DOCUMENTATION_COMMENTS = YES;
				CLANG_WARN_EMPTY_BODY = YES;
				CLANG_WARN_ENUM_CONVERSION = YES;
				CLANG_WARN_INFINITE_RECURSION = YES;
				CLANG_WARN_INT_CONVERSION = YES;
				CLANG_WARN_NON_LITERAL_NULL_CONVERSION = YES;
				CLANG_WARN_OBJC_IMPLICIT_RETAIN_SELF = YES;
				CLANG_WARN_OBJC_LITERAL_CONVERSION = YES;
				CLANG_WARN_OBJC_ROOT_CLASS = YES_ERROR;
				CLANG_WARN_QUOTED_INCLUDE_IN_FRAMEWORK_HEADER = YES;
				CLANG_WARN_RANGE_LOOP_ANALYSIS = YES;
				CLANG_WARN_STRICT_PROTOTYPES = YES;
				CLANG_WARN_SUSPICIOUS_MOVE = YES;
				CLANG_WARN_UNGUARDED_AVAILABILITY = YES_AGGRESSIVE;
				CLANG_WARN_UNREACHABLE_CODE = YES;
				CLANG_WARN__DUPLICATE_METHOD_MATCH = YES;
				COPY_PHASE_STRIP = NO;
				DEBUG_INFORMATION_FORMAT = dwarf;
				ENABLE_STRICT_OBJC_MSGSEND = YES;
				ENABLE_TESTABILITY = YES;
				GCC_C_LANGUAGE_STANDARD = gnu11;
				GCC_DYNAMIC_NO_PIC = NO;
				GCC_NO_COMMON_BLOCKS = YES;
				GCC_OPTIMIZATION_LEVEL = 0;
				GCC_PREPROCESSOR_DEFINITIONS = (
					"DEBUG=1",
					"$(inherited)",
				);
				GCC_WARN_64_TO_32_BIT_CONVERSION = YES;
				GCC_WARN_ABOUT_RETURN_TYPE = YES_ERROR;
				GCC_WARN_UNDECLARED_SELECTOR = YES;
				GCC_WARN_UNINITIALIZED_AUTOS = YES_AGGRESSIVE;
				GCC_WARN_UNUSED_FUNCTION = YES;
				GCC_WARN_UNUSED_VARIABLE = YES;
				IPHONEOS_DEPLOYMENT_TARGET = 15.5;
				MTL_ENABLE_DEBUG_INFO = INCLUDE_SOURCE;
				MTL_FAST_MATH = YES;
				ONLY_ACTIVE_ARCH = YES;
				SDKROOT = iphoneos;
				SWIFT_ACTIVE_COMPILATION_CONDITIONS = DEBUG;
				SWIFT_OPTIMIZATION_LEVEL = "-Onone";
			};
			name = Debug;
		};
		24630CA928A471FF00135185 /* Release */ = {
			isa = XCBuildConfiguration;
			buildSettings = {
				ALWAYS_SEARCH_USER_PATHS = NO;
				CLANG_ANALYZER_NONNULL = YES;
				CLANG_ANALYZER_NUMBER_OBJECT_CONVERSION = YES_AGGRESSIVE;
				CLANG_CXX_LANGUAGE_STANDARD = "gnu++17";
				CLANG_ENABLE_MODULES = YES;
				CLANG_ENABLE_OBJC_ARC = YES;
				CLANG_ENABLE_OBJC_WEAK = YES;
				CLANG_WARN_BLOCK_CAPTURE_AUTORELEASING = YES;
				CLANG_WARN_BOOL_CONVERSION = YES;
				CLANG_WARN_COMMA = YES;
				CLANG_WARN_CONSTANT_CONVERSION = YES;
				CLANG_WARN_DEPRECATED_OBJC_IMPLEMENTATIONS = YES;
				CLANG_WARN_DIRECT_OBJC_ISA_USAGE = YES_ERROR;
				CLANG_WARN_DOCUMENTATION_COMMENTS = YES;
				CLANG_WARN_EMPTY_BODY = YES;
				CLANG_WARN_ENUM_CONVERSION = YES;
				CLANG_WARN_INFINITE_RECURSION = YES;
				CLANG_WARN_INT_CONVERSION = YES;
				CLANG_WARN_NON_LITERAL_NULL_CONVERSION = YES;
				CLANG_WARN_OBJC_IMPLICIT_RETAIN_SELF = YES;
				CLANG_WARN_OBJC_LITERAL_CONVERSION = YES;
				CLANG_WARN_OBJC_ROOT_CLASS = YES_ERROR;
				CLANG_WARN_QUOTED_INCLUDE_IN_FRAMEWORK_HEADER = YES;
				CLANG_WARN_RANGE_LOOP_ANALYSIS = YES;
				CLANG_WARN_STRICT_PROTOTYPES = YES;
				CLANG_WARN_SUSPICIOUS_MOVE = YES;
				CLANG_WARN_UNGUARDED_AVAILABILITY = YES_AGGRESSIVE;
				CLANG_WARN_UNREACHABLE_CODE = YES;
				CLANG_WARN__DUPLICATE_METHOD_MATCH = YES;
				COPY_PHASE_STRIP = NO;
				DEBUG_INFORMATION_FORMAT = "dwarf-with-dsym";
				ENABLE_NS_ASSERTIONS = NO;
				ENABLE_STRICT_OBJC_MSGSEND = YES;
				GCC_C_LANGUAGE_STANDARD = gnu11;
				GCC_NO_COMMON_BLOCKS = YES;
				GCC_WARN_64_TO_32_BIT_CONVERSION = YES;
				GCC_WARN_ABOUT_RETURN_TYPE = YES_ERROR;
				GCC_WARN_UNDECLARED_SELECTOR = YES;
				GCC_WARN_UNINITIALIZED_AUTOS = YES_AGGRESSIVE;
				GCC_WARN_UNUSED_FUNCTION = YES;
				GCC_WARN_UNUSED_VARIABLE = YES;
				IPHONEOS_DEPLOYMENT_TARGET = 15.5;
				MTL_ENABLE_DEBUG_INFO = NO;
				MTL_FAST_MATH = YES;
				SDKROOT = iphoneos;
				SWIFT_COMPILATION_MODE = wholemodule;
				SWIFT_OPTIMIZATION_LEVEL = "-O";
				VALIDATE_PRODUCT = YES;
			};
			name = Release;
		};
		24630CAB28A471FF00135185 /* Debug */ = {
			isa = XCBuildConfiguration;
			buildSettings = {
				ASSETCATALOG_COMPILER_APPICON_NAME = AppIcon;
				ASSETCATALOG_COMPILER_GLOBAL_ACCENT_COLOR_NAME = AccentColor;
				CODE_SIGN_STYLE = Automatic;
				CURRENT_PROJECT_VERSION = 1;
				DEVELOPMENT_TEAM = SH225JG2GM;
				GENERATE_INFOPLIST_FILE = YES;
				INFOPLIST_FILE = Muchaidze_Lecture_21/Info.plist;
				INFOPLIST_KEY_UIApplicationSupportsIndirectInputEvents = YES;
				INFOPLIST_KEY_UILaunchStoryboardName = LaunchScreen;
				INFOPLIST_KEY_UIMainStoryboardFile = Main;
				INFOPLIST_KEY_UISupportedInterfaceOrientations_iPad = "UIInterfaceOrientationPortrait UIInterfaceOrientationPortraitUpsideDown UIInterfaceOrientationLandscapeLeft UIInterfaceOrientationLandscapeRight";
				INFOPLIST_KEY_UISupportedInterfaceOrientations_iPhone = "UIInterfaceOrientationPortrait UIInterfaceOrientationLandscapeLeft UIInterfaceOrientationLandscapeRight";
				LD_RUNPATH_SEARCH_PATHS = (
					"$(inherited)",
					"@executable_path/Frameworks",
				);
				MARKETING_VERSION = 1.0;
				PRODUCT_BUNDLE_IDENTIFIER = "ge-Muchaidze-Lecture-21.Muchaidze-Lecture-21";
				PRODUCT_NAME = "$(TARGET_NAME)";
				SWIFT_EMIT_LOC_STRINGS = YES;
				SWIFT_VERSION = 5.0;
				TARGETED_DEVICE_FAMILY = "1,2";
			};
			name = Debug;
		};
		24630CAC28A471FF00135185 /* Release */ = {
			isa = XCBuildConfiguration;
			buildSettings = {
				ASSETCATALOG_COMPILER_APPICON_NAME = AppIcon;
				ASSETCATALOG_COMPILER_GLOBAL_ACCENT_COLOR_NAME = AccentColor;
				CODE_SIGN_STYLE = Automatic;
				CURRENT_PROJECT_VERSION = 1;
				DEVELOPMENT_TEAM = SH225JG2GM;
				GENERATE_INFOPLIST_FILE = YES;
				INFOPLIST_FILE = Muchaidze_Lecture_21/Info.plist;
				INFOPLIST_KEY_UIApplicationSupportsIndirectInputEvents = YES;
				INFOPLIST_KEY_UILaunchStoryboardName = LaunchScreen;
				INFOPLIST_KEY_UIMainStoryboardFile = Main;
				INFOPLIST_KEY_UISupportedInterfaceOrientations_iPad = "UIInterfaceOrientationPortrait UIInterfaceOrientationPortraitUpsideDown UIInterfaceOrientationLandscapeLeft UIInterfaceOrientationLandscapeRight";
				INFOPLIST_KEY_UISupportedInterfaceOrientations_iPhone = "UIInterfaceOrientationPortrait UIInterfaceOrientationLandscapeLeft UIInterfaceOrientationLandscapeRight";
				LD_RUNPATH_SEARCH_PATHS = (
					"$(inherited)",
					"@executable_path/Frameworks",
				);
				MARKETING_VERSION = 1.0;
				PRODUCT_BUNDLE_IDENTIFIER = "ge-Muchaidze-Lecture-21.Muchaidze-Lecture-21";
				PRODUCT_NAME = "$(TARGET_NAME)";
				SWIFT_EMIT_LOC_STRINGS = YES;
				SWIFT_VERSION = 5.0;
				TARGETED_DEVICE_FAMILY = "1,2";
			};
			name = Release;
		};
/* End XCBuildConfiguration section */

/* Begin XCConfigurationList section */
		24630C9128A471FE00135185 /* Build configuration list for PBXProject "Muchaidze_Lecture_21" */ = {
			isa = XCConfigurationList;
			buildConfigurations = (
				24630CA828A471FF00135185 /* Debug */,
				24630CA928A471FF00135185 /* Release */,
			);
			defaultConfigurationIsVisible = 0;
			defaultConfigurationName = Release;
		};
		24630CAA28A471FF00135185 /* Build configuration list for PBXNativeTarget "Muchaidze_Lecture_21" */ = {
			isa = XCConfigurationList;
			buildConfigurations = (
				24630CAB28A471FF00135185 /* Debug */,
				24630CAC28A471FF00135185 /* Release */,
			);
			defaultConfigurationIsVisible = 0;
			defaultConfigurationName = Release;
		};
/* End XCConfigurationList section */
	};
	rootObject = 24630C8E28A471FE00135185 /* Project object */;
}
