// !$*UTF8*$!
{
	archiveVersion = 1;
	classes = {
	};
	objectVersion = 55;
	objects = {

/* Begin PBXBuildFile section */
		24238BA8289051AF00A2CECA /* AppDelegate.swift in Sources */ = {isa = PBXBuildFile; fileRef = 24238BA7289051AF00A2CECA /* AppDelegate.swift */; };
		24238BAA289051AF00A2CECA /* SceneDelegate.swift in Sources */ = {isa = PBXBuildFile; fileRef = 24238BA9289051AF00A2CECA /* SceneDelegate.swift */; };
		24238BAC289051AF00A2CECA /* ViewController.swift in Sources */ = {isa = PBXBuildFile; fileRef = 24238BAB289051AF00A2CECA /* ViewController.swift */; };
		24238BAF289051AF00A2CECA /* Main.storyboard in Resources */ = {isa = PBXBuildFile; fileRef = 24238BAD289051AF00A2CECA /* Main.storyboard */; };
		24238BB4289051B100A2CECA /* LaunchScreen.storyboard in Resources */ = {isa = PBXBuildFile; fileRef = 24238BB2289051B100A2CECA /* LaunchScreen.storyboard */; };
		24238BBD2894295000A2CECA /* StartingScreen.swift in Sources */ = {isa = PBXBuildFile; fileRef = 24238BBC2894295000A2CECA /* StartingScreen.swift */; };
		24238BBF2894304700A2CECA /* Media.xcassets in Resources */ = {isa = PBXBuildFile; fileRef = 24238BBE2894304700A2CECA /* Media.xcassets */; };
		24238BC1289435D800A2CECA /* SingInPage.swift in Sources */ = {isa = PBXBuildFile; fileRef = 24238BC0289435D800A2CECA /* SingInPage.swift */; };
		24238BC32894597400A2CECA /* signUpPage.swift in Sources */ = {isa = PBXBuildFile; fileRef = 24238BC22894597400A2CECA /* signUpPage.swift */; };
		24238BC72894783100A2CECA /* Users.swift in Sources */ = {isa = PBXBuildFile; fileRef = 24238BC62894783100A2CECA /* Users.swift */; };
		244DBE0628A2C75700BD015A /* ProfileDetails.swift in Sources */ = {isa = PBXBuildFile; fileRef = 244DBE0528A2C75700BD015A /* ProfileDetails.swift */; };
		24887C9F289A9C7E00983FBE /* MainCarSelectorViewController.swift in Sources */ = {isa = PBXBuildFile; fileRef = 24887C9E289A9C7E00983FBE /* MainCarSelectorViewController.swift */; };
		24919C3F28A90850003102CF /* GoogleService-Info.plist in Resources */ = {isa = PBXBuildFile; fileRef = 24919C3E28A90850003102CF /* GoogleService-Info.plist */; };
		24919C4228A9091B003102CF /* FirebaseAnalytics in Frameworks */ = {isa = PBXBuildFile; productRef = 24919C4128A9091B003102CF /* FirebaseAnalytics */; };
		24919C4428A9091B003102CF /* FirebaseAnalyticsSwift in Frameworks */ = {isa = PBXBuildFile; productRef = 24919C4328A9091B003102CF /* FirebaseAnalyticsSwift */; };
		24919C4628A9091B003102CF /* FirebaseAuth in Frameworks */ = {isa = PBXBuildFile; productRef = 24919C4528A9091B003102CF /* FirebaseAuth */; };
		24919C4828A9091B003102CF /* FirebaseDatabase in Frameworks */ = {isa = PBXBuildFile; productRef = 24919C4728A9091B003102CF /* FirebaseDatabase */; };
		24919C4A28A9091B003102CF /* FirebaseDatabaseSwift in Frameworks */ = {isa = PBXBuildFile; productRef = 24919C4928A9091B003102CF /* FirebaseDatabaseSwift */; };
		24919C4C28A9091B003102CF /* FirebaseStorage in Frameworks */ = {isa = PBXBuildFile; productRef = 24919C4B28A9091B003102CF /* FirebaseStorage */; };
		24919C5028AA8B5A003102CF /* HelperFunctions.swift in Sources */ = {isa = PBXBuildFile; fileRef = 24919C4F28AA8B5A003102CF /* HelperFunctions.swift */; };
		24FEA222289509F60059E5A4 /* userListTable.swift in Sources */ = {isa = PBXBuildFile; fileRef = 24FEA221289509F60059E5A4 /* userListTable.swift */; };
		24FEA22428951BF70059E5A4 /* adminTableCell.swift in Sources */ = {isa = PBXBuildFile; fileRef = 24FEA22328951BF70059E5A4 /* adminTableCell.swift */; };
/* End PBXBuildFile section */

/* Begin PBXFileReference section */
		24238BA4289051AF00A2CECA /* CarRentApp.app */ = {isa = PBXFileReference; explicitFileType = wrapper.application; includeInIndex = 0; path = CarRentApp.app; sourceTree = BUILT_PRODUCTS_DIR; };
		24238BA7289051AF00A2CECA /* AppDelegate.swift */ = {isa = PBXFileReference; lastKnownFileType = sourcecode.swift; path = AppDelegate.swift; sourceTree = "<group>"; };
		24238BA9289051AF00A2CECA /* SceneDelegate.swift */ = {isa = PBXFileReference; lastKnownFileType = sourcecode.swift; path = SceneDelegate.swift; sourceTree = "<group>"; };
		24238BAB289051AF00A2CECA /* ViewController.swift */ = {isa = PBXFileReference; lastKnownFileType = sourcecode.swift; path = ViewController.swift; sourceTree = "<group>"; };
		24238BAE289051AF00A2CECA /* Base */ = {isa = PBXFileReference; lastKnownFileType = file.storyboard; name = Base; path = Base.lproj/Main.storyboard; sourceTree = "<group>"; };
		24238BB3289051B100A2CECA /* Base */ = {isa = PBXFileReference; lastKnownFileType = file.storyboard; name = Base; path = Base.lproj/LaunchScreen.storyboard; sourceTree = "<group>"; };
		24238BB5289051B100A2CECA /* Info.plist */ = {isa = PBXFileReference; lastKnownFileType = text.plist.xml; path = Info.plist; sourceTree = "<group>"; };
		24238BBC2894295000A2CECA /* StartingScreen.swift */ = {isa = PBXFileReference; lastKnownFileType = sourcecode.swift; path = StartingScreen.swift; sourceTree = "<group>"; };
		24238BBE2894304700A2CECA /* Media.xcassets */ = {isa = PBXFileReference; lastKnownFileType = folder.assetcatalog; path = Media.xcassets; sourceTree = "<group>"; };
		24238BC0289435D800A2CECA /* SingInPage.swift */ = {isa = PBXFileReference; lastKnownFileType = sourcecode.swift; path = SingInPage.swift; sourceTree = "<group>"; };
		24238BC22894597400A2CECA /* signUpPage.swift */ = {isa = PBXFileReference; lastKnownFileType = sourcecode.swift; path = signUpPage.swift; sourceTree = "<group>"; };
		24238BC62894783100A2CECA /* Users.swift */ = {isa = PBXFileReference; lastKnownFileType = sourcecode.swift; path = Users.swift; sourceTree = "<group>"; };
		244DBE0528A2C75700BD015A /* ProfileDetails.swift */ = {isa = PBXFileReference; lastKnownFileType = sourcecode.swift; path = ProfileDetails.swift; sourceTree = "<group>"; };
		24887C9E289A9C7E00983FBE /* MainCarSelectorViewController.swift */ = {isa = PBXFileReference; lastKnownFileType = sourcecode.swift; path = MainCarSelectorViewController.swift; sourceTree = "<group>"; };
		24919C3E28A90850003102CF /* GoogleService-Info.plist */ = {isa = PBXFileReference; fileEncoding = 4; lastKnownFileType = text.plist.xml; path = "GoogleService-Info.plist"; sourceTree = "<group>"; };
		24919C4F28AA8B5A003102CF /* HelperFunctions.swift */ = {isa = PBXFileReference; lastKnownFileType = sourcecode.swift; path = HelperFunctions.swift; sourceTree = "<group>"; };
		24FEA221289509F60059E5A4 /* userListTable.swift */ = {isa = PBXFileReference; lastKnownFileType = sourcecode.swift; path = userListTable.swift; sourceTree = "<group>"; };
		24FEA22328951BF70059E5A4 /* adminTableCell.swift */ = {isa = PBXFileReference; lastKnownFileType = sourcecode.swift; path = adminTableCell.swift; sourceTree = "<group>"; };
/* End PBXFileReference section */

/* Begin PBXFrameworksBuildPhase section */
		24238BA1289051AF00A2CECA /* Frameworks */ = {
			isa = PBXFrameworksBuildPhase;
			buildActionMask = 2147483647;
			files = (
				24919C4A28A9091B003102CF /* FirebaseDatabaseSwift in Frameworks */,
				24919C4428A9091B003102CF /* FirebaseAnalyticsSwift in Frameworks */,
				24919C4628A9091B003102CF /* FirebaseAuth in Frameworks */,
				24919C4828A9091B003102CF /* FirebaseDatabase in Frameworks */,
				24919C4228A9091B003102CF /* FirebaseAnalytics in Frameworks */,
				24919C4C28A9091B003102CF /* FirebaseStorage in Frameworks */,
			);
			runOnlyForDeploymentPostprocessing = 0;
		};
/* End PBXFrameworksBuildPhase section */

/* Begin PBXGroup section */
		24238B9B289051AE00A2CECA = {
			isa = PBXGroup;
			children = (
				24238BA6289051AF00A2CECA /* CarRentApp */,
				24238BA5289051AF00A2CECA /* Products */,
			);
			sourceTree = "<group>";
		};
		24238BA5289051AF00A2CECA /* Products */ = {
			isa = PBXGroup;
			children = (
				24238BA4289051AF00A2CECA /* CarRentApp.app */,
			);
			name = Products;
			sourceTree = "<group>";
		};
		24238BA6289051AF00A2CECA /* CarRentApp */ = {
			isa = PBXGroup;
			children = (
				24919C4D28AA8B18003102CF /* Helpers */,
				244DBE0428A2C72700BD015A /* ProfileDetails */,
				24887C9D289A9C5E00983FBE /* MainCarSelector */,
				24238BBB289428D900A2CECA /* StartingScreen */,
				24FEA220289509C00059E5A4 /* adminUsersList */,
				24238BA7289051AF00A2CECA /* AppDelegate.swift */,
				24238BC52894781700A2CECA /* Database */,
				24238BA9289051AF00A2CECA /* SceneDelegate.swift */,
				24238BAB289051AF00A2CECA /* ViewController.swift */,
				24238BAD289051AF00A2CECA /* Main.storyboard */,
				24238BBE2894304700A2CECA /* Media.xcassets */,
				24919C3E28A90850003102CF /* GoogleService-Info.plist */,
				24238BB2289051B100A2CECA /* LaunchScreen.storyboard */,
				24238BB5289051B100A2CECA /* Info.plist */,
			);
			path = CarRentApp;
			sourceTree = "<group>";
		};
		24238BBB289428D900A2CECA /* StartingScreen */ = {
			isa = PBXGroup;
			children = (
				24238BBC2894295000A2CECA /* StartingScreen.swift */,
				24238BC0289435D800A2CECA /* SingInPage.swift */,
				24238BC22894597400A2CECA /* signUpPage.swift */,
			);
			path = StartingScreen;
			sourceTree = "<group>";
		};
		24238BC52894781700A2CECA /* Database */ = {
			isa = PBXGroup;
			children = (
				24238BC62894783100A2CECA /* Users.swift */,
			);
			path = Database;
			sourceTree = "<group>";
		};
		244DBE0428A2C72700BD015A /* ProfileDetails */ = {
			isa = PBXGroup;
			children = (
				244DBE0528A2C75700BD015A /* ProfileDetails.swift */,
			);
			path = ProfileDetails;
			sourceTree = "<group>";
		};
		24887C9D289A9C5E00983FBE /* MainCarSelector */ = {
			isa = PBXGroup;
			children = (
				24887C9E289A9C7E00983FBE /* MainCarSelectorViewController.swift */,
			);
			path = MainCarSelector;
			sourceTree = "<group>";
		};
		24919C4D28AA8B18003102CF /* Helpers */ = {
			isa = PBXGroup;
			children = (
				24919C4F28AA8B5A003102CF /* HelperFunctions.swift */,
			);
			path = Helpers;
			sourceTree = "<group>";
		};
		24FEA220289509C00059E5A4 /* adminUsersList */ = {
			isa = PBXGroup;
			children = (
				24FEA221289509F60059E5A4 /* userListTable.swift */,
				24FEA22328951BF70059E5A4 /* adminTableCell.swift */,
			);
			path = adminUsersList;
			sourceTree = "<group>";
		};
/* End PBXGroup section */

/* Begin PBXNativeTarget section */
		24238BA3289051AF00A2CECA /* CarRentApp */ = {
			isa = PBXNativeTarget;
			buildConfigurationList = 24238BB8289051B100A2CECA /* Build configuration list for PBXNativeTarget "CarRentApp" */;
			buildPhases = (
				24238BA0289051AF00A2CECA /* Sources */,
				24238BA1289051AF00A2CECA /* Frameworks */,
				24238BA2289051AF00A2CECA /* Resources */,
			);
			buildRules = (
			);
			dependencies = (
			);
			name = CarRentApp;
			packageProductDependencies = (
				24919C4128A9091B003102CF /* FirebaseAnalytics */,
				24919C4328A9091B003102CF /* FirebaseAnalyticsSwift */,
				24919C4528A9091B003102CF /* FirebaseAuth */,
				24919C4728A9091B003102CF /* FirebaseDatabase */,
				24919C4928A9091B003102CF /* FirebaseDatabaseSwift */,
				24919C4B28A9091B003102CF /* FirebaseStorage */,
			);
			productName = CarRentApp;
			productReference = 24238BA4289051AF00A2CECA /* CarRentApp.app */;
			productType = "com.apple.product-type.application";
		};
/* End PBXNativeTarget section */

/* Begin PBXProject section */
		24238B9C289051AE00A2CECA /* Project object */ = {
			isa = PBXProject;
			attributes = {
				BuildIndependentTargetsInParallel = 1;
				LastSwiftUpdateCheck = 1340;
				LastUpgradeCheck = 1340;
				TargetAttributes = {
					24238BA3289051AF00A2CECA = {
						CreatedOnToolsVersion = 13.4.1;
					};
				};
			};
			buildConfigurationList = 24238B9F289051AE00A2CECA /* Build configuration list for PBXProject "CarRentApp" */;
			compatibilityVersion = "Xcode 13.0";
			developmentRegion = en;
			hasScannedForEncodings = 0;
			knownRegions = (
				en,
				Base,
			);
			mainGroup = 24238B9B289051AE00A2CECA;
			packageReferences = (
				24919C4028A9091A003102CF /* XCRemoteSwiftPackageReference "firebase-ios-sdk" */,
			);
			productRefGroup = 24238BA5289051AF00A2CECA /* Products */;
			projectDirPath = "";
			projectRoot = "";
			targets = (
				24238BA3289051AF00A2CECA /* CarRentApp */,
			);
		};
/* End PBXProject section */

/* Begin PBXResourcesBuildPhase section */
		24238BA2289051AF00A2CECA /* Resources */ = {
			isa = PBXResourcesBuildPhase;
			buildActionMask = 2147483647;
			files = (
				24238BB4289051B100A2CECA /* LaunchScreen.storyboard in Resources */,
				24919C3F28A90850003102CF /* GoogleService-Info.plist in Resources */,
				24238BBF2894304700A2CECA /* Media.xcassets in Resources */,
				24238BAF289051AF00A2CECA /* Main.storyboard in Resources */,
			);
			runOnlyForDeploymentPostprocessing = 0;
		};
/* End PBXResourcesBuildPhase section */

/* Begin PBXSourcesBuildPhase section */
		24238BA0289051AF00A2CECA /* Sources */ = {
			isa = PBXSourcesBuildPhase;
			buildActionMask = 2147483647;
			files = (
				24238BAC289051AF00A2CECA /* ViewController.swift in Sources */,
				24FEA222289509F60059E5A4 /* userListTable.swift in Sources */,
				24238BA8289051AF00A2CECA /* AppDelegate.swift in Sources */,
				24FEA22428951BF70059E5A4 /* adminTableCell.swift in Sources */,
				24238BC1289435D800A2CECA /* SingInPage.swift in Sources */,
				24919C5028AA8B5A003102CF /* HelperFunctions.swift in Sources */,
				24887C9F289A9C7E00983FBE /* MainCarSelectorViewController.swift in Sources */,
				24238BAA289051AF00A2CECA /* SceneDelegate.swift in Sources */,
				24238BC32894597400A2CECA /* signUpPage.swift in Sources */,
				244DBE0628A2C75700BD015A /* ProfileDetails.swift in Sources */,
				24238BBD2894295000A2CECA /* StartingScreen.swift in Sources */,
				24238BC72894783100A2CECA /* Users.swift in Sources */,
			);
			runOnlyForDeploymentPostprocessing = 0;
		};
/* End PBXSourcesBuildPhase section */

/* Begin PBXVariantGroup section */
		24238BAD289051AF00A2CECA /* Main.storyboard */ = {
			isa = PBXVariantGroup;
			children = (
				24238BAE289051AF00A2CECA /* Base */,
			);
			name = Main.storyboard;
			sourceTree = "<group>";
		};
		24238BB2289051B100A2CECA /* LaunchScreen.storyboard */ = {
			isa = PBXVariantGroup;
			children = (
				24238BB3289051B100A2CECA /* Base */,
			);
			name = LaunchScreen.storyboard;
			sourceTree = "<group>";
		};
/* End PBXVariantGroup section */

/* Begin XCBuildConfiguration section */
		24238BB6289051B100A2CECA /* Debug */ = {
			isa = XCBuildConfiguration;
			buildSettings = {
				ALWAYS_SEARCH_USER_PATHS = NO;
				CLANG_ANALYZER_NONNULL = YES;
				CLANG_ANALYZER_NUMBER_OBJECT_CONVERSION = YES_AGGRESSIVE;
				CLANG_CXX_LANGUAGE_STANDARD = "gnu++17";
				CLANG_ENABLE_MODULES = YES;
				CLANG_ENABLE_OBJC_ARC = YES;
				CLANG_ENABLE_OBJC_WEAK = YES;
				CLANG_WARN_BLOCK_CAPTURE_AUTORELEASING = YES;
				CLANG_WARN_BOOL_CONVERSION = YES;
				CLANG_WARN_COMMA = YES;
				CLANG_WARN_CONSTANT_CONVERSION = YES;
				CLANG_WARN_DEPRECATED_OBJC_IMPLEMENTATIONS = YES;
				CLANG_WARN_DIRECT_OBJC_ISA_USAGE = YES_ERROR;
				CLANG_WARN_DOCUMENTATION_COMMENTS = YES;
				CLANG_WARN_EMPTY_BODY = YES;
				CLANG_WARN_ENUM_CONVERSION = YES;
				CLANG_WARN_INFINITE_RECURSION = YES;
				CLANG_WARN_INT_CONVERSION = YES;
				CLANG_WARN_NON_LITERAL_NULL_CONVERSION = YES;
				CLANG_WARN_OBJC_IMPLICIT_RETAIN_SELF = YES;
				CLANG_WARN_OBJC_LITERAL_CONVERSION = YES;
				CLANG_WARN_OBJC_ROOT_CLASS = YES_ERROR;
				CLANG_WARN_QUOTED_INCLUDE_IN_FRAMEWORK_HEADER = YES;
				CLANG_WARN_RANGE_LOOP_ANALYSIS = YES;
				CLANG_WARN_STRICT_PROTOTYPES = YES;
				CLANG_WARN_SUSPICIOUS_MOVE = YES;
				CLANG_WARN_UNGUARDED_AVAILABILITY = YES_AGGRESSIVE;
				CLANG_WARN_UNREACHABLE_CODE = YES;
				CLANG_WARN__DUPLICATE_METHOD_MATCH = YES;
				COPY_PHASE_STRIP = NO;
				DEBUG_INFORMATION_FORMAT = dwarf;
				ENABLE_STRICT_OBJC_MSGSEND = YES;
				ENABLE_TESTABILITY = YES;
				GCC_C_LANGUAGE_STANDARD = gnu11;
				GCC_DYNAMIC_NO_PIC = NO;
				GCC_NO_COMMON_BLOCKS = YES;
				GCC_OPTIMIZATION_LEVEL = 0;
				GCC_PREPROCESSOR_DEFINITIONS = (
					"DEBUG=1",
					"$(inherited)",
				);
				GCC_WARN_64_TO_32_BIT_CONVERSION = YES;
				GCC_WARN_ABOUT_RETURN_TYPE = YES_ERROR;
				GCC_WARN_UNDECLARED_SELECTOR = YES;
				GCC_WARN_UNINITIALIZED_AUTOS = YES_AGGRESSIVE;
				GCC_WARN_UNUSED_FUNCTION = YES;
				GCC_WARN_UNUSED_VARIABLE = YES;
				IPHONEOS_DEPLOYMENT_TARGET = 15.5;
				MTL_ENABLE_DEBUG_INFO = INCLUDE_SOURCE;
				MTL_FAST_MATH = YES;
				ONLY_ACTIVE_ARCH = YES;
				SDKROOT = iphoneos;
				SWIFT_ACTIVE_COMPILATION_CONDITIONS = DEBUG;
				SWIFT_OPTIMIZATION_LEVEL = "-Onone";
			};
			name = Debug;
		};
		24238BB7289051B100A2CECA /* Release */ = {
			isa = XCBuildConfiguration;
			buildSettings = {
				ALWAYS_SEARCH_USER_PATHS = NO;
				CLANG_ANALYZER_NONNULL = YES;
				CLANG_ANALYZER_NUMBER_OBJECT_CONVERSION = YES_AGGRESSIVE;
				CLANG_CXX_LANGUAGE_STANDARD = "gnu++17";
				CLANG_ENABLE_MODULES = YES;
				CLANG_ENABLE_OBJC_ARC = YES;
				CLANG_ENABLE_OBJC_WEAK = YES;
				CLANG_WARN_BLOCK_CAPTURE_AUTORELEASING = YES;
				CLANG_WARN_BOOL_CONVERSION = YES;
				CLANG_WARN_COMMA = YES;
				CLANG_WARN_CONSTANT_CONVERSION = YES;
				CLANG_WARN_DEPRECATED_OBJC_IMPLEMENTATIONS = YES;
				CLANG_WARN_DIRECT_OBJC_ISA_USAGE = YES_ERROR;
				CLANG_WARN_DOCUMENTATION_COMMENTS = YES;
				CLANG_WARN_EMPTY_BODY = YES;
				CLANG_WARN_ENUM_CONVERSION = YES;
				CLANG_WARN_INFINITE_RECURSION = YES;
				CLANG_WARN_INT_CONVERSION = YES;
				CLANG_WARN_NON_LITERAL_NULL_CONVERSION = YES;
				CLANG_WARN_OBJC_IMPLICIT_RETAIN_SELF = YES;
				CLANG_WARN_OBJC_LITERAL_CONVERSION = YES;
				CLANG_WARN_OBJC_ROOT_CLASS = YES_ERROR;
				CLANG_WARN_QUOTED_INCLUDE_IN_FRAMEWORK_HEADER = YES;
				CLANG_WARN_RANGE_LOOP_ANALYSIS = YES;
				CLANG_WARN_STRICT_PROTOTYPES = YES;
				CLANG_WARN_SUSPICIOUS_MOVE = YES;
				CLANG_WARN_UNGUARDED_AVAILABILITY = YES_AGGRESSIVE;
				CLANG_WARN_UNREACHABLE_CODE = YES;
				CLANG_WARN__DUPLICATE_METHOD_MATCH = YES;
				COPY_PHASE_STRIP = NO;
				DEBUG_INFORMATION_FORMAT = "dwarf-with-dsym";
				ENABLE_NS_ASSERTIONS = NO;
				ENABLE_STRICT_OBJC_MSGSEND = YES;
				GCC_C_LANGUAGE_STANDARD = gnu11;
				GCC_NO_COMMON_BLOCKS = YES;
				GCC_WARN_64_TO_32_BIT_CONVERSION = YES;
				GCC_WARN_ABOUT_RETURN_TYPE = YES_ERROR;
				GCC_WARN_UNDECLARED_SELECTOR = YES;
				GCC_WARN_UNINITIALIZED_AUTOS = YES_AGGRESSIVE;
				GCC_WARN_UNUSED_FUNCTION = YES;
				GCC_WARN_UNUSED_VARIABLE = YES;
				IPHONEOS_DEPLOYMENT_TARGET = 15.5;
				MTL_ENABLE_DEBUG_INFO = NO;
				MTL_FAST_MATH = YES;
				SDKROOT = iphoneos;
				SWIFT_COMPILATION_MODE = wholemodule;
				SWIFT_OPTIMIZATION_LEVEL = "-O";
				VALIDATE_PRODUCT = YES;
			};
			name = Release;
		};
		24238BB9289051B100A2CECA /* Debug */ = {
			isa = XCBuildConfiguration;
			buildSettings = {
				ASSETCATALOG_COMPILER_APPICON_NAME = AppIcon;
				ASSETCATALOG_COMPILER_GLOBAL_ACCENT_COLOR_NAME = AccentColor;
				CODE_SIGN_STYLE = Automatic;
				CURRENT_PROJECT_VERSION = 1;
				DEVELOPMENT_TEAM = SH225JG2GM;
				GENERATE_INFOPLIST_FILE = YES;
				INFOPLIST_FILE = CarRentApp/Info.plist;
				INFOPLIST_KEY_UIApplicationSupportsIndirectInputEvents = YES;
				INFOPLIST_KEY_UILaunchStoryboardName = LaunchScreen;
				INFOPLIST_KEY_UIMainStoryboardFile = Main;
				INFOPLIST_KEY_UISupportedInterfaceOrientations_iPad = "UIInterfaceOrientationPortrait UIInterfaceOrientationPortraitUpsideDown UIInterfaceOrientationLandscapeLeft UIInterfaceOrientationLandscapeRight";
				INFOPLIST_KEY_UISupportedInterfaceOrientations_iPhone = "UIInterfaceOrientationPortrait UIInterfaceOrientationLandscapeLeft UIInterfaceOrientationLandscapeRight";
				LD_RUNPATH_SEARCH_PATHS = (
					"$(inherited)",
					"@executable_path/Frameworks",
				);
				MARKETING_VERSION = 1.0;
				PRODUCT_BUNDLE_IDENTIFIER = "ge-Muchaidze-Lecture-18.CarRentApp";
				PRODUCT_NAME = "$(TARGET_NAME)";
				SWIFT_EMIT_LOC_STRINGS = YES;
				SWIFT_VERSION = 5.0;
				TARGETED_DEVICE_FAMILY = "1,2";
			};
			name = Debug;
		};
		24238BBA289051B100A2CECA /* Release */ = {
			isa = XCBuildConfiguration;
			buildSettings = {
				ASSETCATALOG_COMPILER_APPICON_NAME = AppIcon;
				ASSETCATALOG_COMPILER_GLOBAL_ACCENT_COLOR_NAME = AccentColor;
				CODE_SIGN_STYLE = Automatic;
				CURRENT_PROJECT_VERSION = 1;
				DEVELOPMENT_TEAM = SH225JG2GM;
				GENERATE_INFOPLIST_FILE = YES;
				INFOPLIST_FILE = CarRentApp/Info.plist;
				INFOPLIST_KEY_UIApplicationSupportsIndirectInputEvents = YES;
				INFOPLIST_KEY_UILaunchStoryboardName = LaunchScreen;
				INFOPLIST_KEY_UIMainStoryboardFile = Main;
				INFOPLIST_KEY_UISupportedInterfaceOrientations_iPad = "UIInterfaceOrientationPortrait UIInterfaceOrientationPortraitUpsideDown UIInterfaceOrientationLandscapeLeft UIInterfaceOrientationLandscapeRight";
				INFOPLIST_KEY_UISupportedInterfaceOrientations_iPhone = "UIInterfaceOrientationPortrait UIInterfaceOrientationLandscapeLeft UIInterfaceOrientationLandscapeRight";
				LD_RUNPATH_SEARCH_PATHS = (
					"$(inherited)",
					"@executable_path/Frameworks",
				);
				MARKETING_VERSION = 1.0;
				PRODUCT_BUNDLE_IDENTIFIER = "ge-Muchaidze-Lecture-18.CarRentApp";
				PRODUCT_NAME = "$(TARGET_NAME)";
				SWIFT_EMIT_LOC_STRINGS = YES;
				SWIFT_VERSION = 5.0;
				TARGETED_DEVICE_FAMILY = "1,2";
			};
			name = Release;
		};
/* End XCBuildConfiguration section */

/* Begin XCConfigurationList section */
		24238B9F289051AE00A2CECA /* Build configuration list for PBXProject "CarRentApp" */ = {
			isa = XCConfigurationList;
			buildConfigurations = (
				24238BB6289051B100A2CECA /* Debug */,
				24238BB7289051B100A2CECA /* Release */,
			);
			defaultConfigurationIsVisible = 0;
			defaultConfigurationName = Release;
		};
		24238BB8289051B100A2CECA /* Build configuration list for PBXNativeTarget "CarRentApp" */ = {
			isa = XCConfigurationList;
			buildConfigurations = (
				24238BB9289051B100A2CECA /* Debug */,
				24238BBA289051B100A2CECA /* Release */,
			);
			defaultConfigurationIsVisible = 0;
			defaultConfigurationName = Release;
		};
/* End XCConfigurationList section */

/* Begin XCRemoteSwiftPackageReference section */
		24919C4028A9091A003102CF /* XCRemoteSwiftPackageReference "firebase-ios-sdk" */ = {
			isa = XCRemoteSwiftPackageReference;
			repositoryURL = "https://github.com/firebase/firebase-ios-sdk";
			requirement = {
				kind = upToNextMajorVersion;
				minimumVersion = 9.0.0;
			};
		};
/* End XCRemoteSwiftPackageReference section */

/* Begin XCSwiftPackageProductDependency section */
		24919C4128A9091B003102CF /* FirebaseAnalytics */ = {
			isa = XCSwiftPackageProductDependency;
			package = 24919C4028A9091A003102CF /* XCRemoteSwiftPackageReference "firebase-ios-sdk" */;
			productName = FirebaseAnalytics;
		};
		24919C4328A9091B003102CF /* FirebaseAnalyticsSwift */ = {
			isa = XCSwiftPackageProductDependency;
			package = 24919C4028A9091A003102CF /* XCRemoteSwiftPackageReference "firebase-ios-sdk" */;
			productName = FirebaseAnalyticsSwift;
		};
		24919C4528A9091B003102CF /* FirebaseAuth */ = {
			isa = XCSwiftPackageProductDependency;
			package = 24919C4028A9091A003102CF /* XCRemoteSwiftPackageReference "firebase-ios-sdk" */;
			productName = FirebaseAuth;
		};
		24919C4728A9091B003102CF /* FirebaseDatabase */ = {
			isa = XCSwiftPackageProductDependency;
			package = 24919C4028A9091A003102CF /* XCRemoteSwiftPackageReference "firebase-ios-sdk" */;
			productName = FirebaseDatabase;
		};
		24919C4928A9091B003102CF /* FirebaseDatabaseSwift */ = {
			isa = XCSwiftPackageProductDependency;
			package = 24919C4028A9091A003102CF /* XCRemoteSwiftPackageReference "firebase-ios-sdk" */;
			productName = FirebaseDatabaseSwift;
		};
		24919C4B28A9091B003102CF /* FirebaseStorage */ = {
			isa = XCSwiftPackageProductDependency;
			package = 24919C4028A9091A003102CF /* XCRemoteSwiftPackageReference "firebase-ios-sdk" */;
			productName = FirebaseStorage;
		};
/* End XCSwiftPackageProductDependency section */
	};
	rootObject = 24238B9C289051AE00A2CECA /* Project object */;
}
