// !$*UTF8*$!
{
	archiveVersion = 1;
	classes = {
	};
	objectVersion = 55;
	objects = {

/* Begin PBXBuildFile section */
		243D5DE728BC8ADE00C2FC07 /* AppDelegate.swift in Sources */ = {isa = PBXBuildFile; fileRef = 243D5DE628BC8ADE00C2FC07 /* AppDelegate.swift */; };
		243D5DE928BC8ADE00C2FC07 /* SceneDelegate.swift in Sources */ = {isa = PBXBuildFile; fileRef = 243D5DE828BC8ADE00C2FC07 /* SceneDelegate.swift */; };
		243D5DEB28BC8ADE00C2FC07 /* CountryListViewController.swift in Sources */ = {isa = PBXBuildFile; fileRef = 243D5DEA28BC8ADE00C2FC07 /* CountryListViewController.swift */; };
		243D5DEE28BC8ADE00C2FC07 /* Main.storyboard in Resources */ = {isa = PBXBuildFile; fileRef = 243D5DEC28BC8ADE00C2FC07 /* Main.storyboard */; };
		243D5DF028BC8AE000C2FC07 /* Assets.xcassets in Resources */ = {isa = PBXBuildFile; fileRef = 243D5DEF28BC8AE000C2FC07 /* Assets.xcassets */; };
		243D5DF328BC8AE000C2FC07 /* LaunchScreen.storyboard in Resources */ = {isa = PBXBuildFile; fileRef = 243D5DF128BC8AE000C2FC07 /* LaunchScreen.storyboard */; };
		243D5DFE28BC8F8200C2FC07 /* CountryListViewController.storyboard in Resources */ = {isa = PBXBuildFile; fileRef = 243D5DFD28BC8F8200C2FC07 /* CountryListViewController.storyboard */; };
		243D5E0528BC918500C2FC07 /* CountryTableCell.swift in Sources */ = {isa = PBXBuildFile; fileRef = 243D5E0328BC918500C2FC07 /* CountryTableCell.swift */; };
		243D5E0628BC918500C2FC07 /* CountryTableCell.xib in Resources */ = {isa = PBXBuildFile; fileRef = 243D5E0428BC918500C2FC07 /* CountryTableCell.xib */; };
		243D5E2928BC932000C2FC07 /* CountryManager.swift in Sources */ = {isa = PBXBuildFile; fileRef = 243D5E2828BC932000C2FC07 /* CountryManager.swift */; };
		243D5E2C28BC936E00C2FC07 /* Country.swift in Sources */ = {isa = PBXBuildFile; fileRef = 243D5E2B28BC936E00C2FC07 /* Country.swift */; };
		243D5E3028BC93D200C2FC07 /* NetworkManager.swift in Sources */ = {isa = PBXBuildFile; fileRef = 243D5E2F28BC93D200C2FC07 /* NetworkManager.swift */; };
		243D5E3528BC975000C2FC07 /* CountryViewModel.swift in Sources */ = {isa = PBXBuildFile; fileRef = 243D5E3428BC975000C2FC07 /* CountryViewModel.swift */; };
		243D5E3728BC9B0100C2FC07 /* CountryListViewModel.swift in Sources */ = {isa = PBXBuildFile; fileRef = 243D5E3628BC9B0100C2FC07 /* CountryListViewModel.swift */; };
		243D5E3928BCA1DE00C2FC07 /* CountriesDataSource.swift in Sources */ = {isa = PBXBuildFile; fileRef = 243D5E3828BCA1DE00C2FC07 /* CountriesDataSource.swift */; };
/* End PBXBuildFile section */

/* Begin PBXFileReference section */
		243D5DE328BC8ADE00C2FC07 /* testProj.app */ = {isa = PBXFileReference; explicitFileType = wrapper.application; includeInIndex = 0; path = testProj.app; sourceTree = BUILT_PRODUCTS_DIR; };
		243D5DE628BC8ADE00C2FC07 /* AppDelegate.swift */ = {isa = PBXFileReference; lastKnownFileType = sourcecode.swift; path = AppDelegate.swift; sourceTree = "<group>"; };
		243D5DE828BC8ADE00C2FC07 /* SceneDelegate.swift */ = {isa = PBXFileReference; lastKnownFileType = sourcecode.swift; path = SceneDelegate.swift; sourceTree = "<group>"; };
		243D5DEA28BC8ADE00C2FC07 /* CountryListViewController.swift */ = {isa = PBXFileReference; lastKnownFileType = sourcecode.swift; path = CountryListViewController.swift; sourceTree = "<group>"; };
		243D5DED28BC8ADE00C2FC07 /* Base */ = {isa = PBXFileReference; lastKnownFileType = file.storyboard; name = Base; path = Base.lproj/Main.storyboard; sourceTree = "<group>"; };
		243D5DEF28BC8AE000C2FC07 /* Assets.xcassets */ = {isa = PBXFileReference; lastKnownFileType = folder.assetcatalog; path = Assets.xcassets; sourceTree = "<group>"; };
		243D5DF228BC8AE000C2FC07 /* Base */ = {isa = PBXFileReference; lastKnownFileType = file.storyboard; name = Base; path = Base.lproj/LaunchScreen.storyboard; sourceTree = "<group>"; };
		243D5DF428BC8AE000C2FC07 /* Info.plist */ = {isa = PBXFileReference; lastKnownFileType = text.plist.xml; path = Info.plist; sourceTree = "<group>"; };
		243D5DFD28BC8F8200C2FC07 /* CountryListViewController.storyboard */ = {isa = PBXFileReference; lastKnownFileType = file.storyboard; path = CountryListViewController.storyboard; sourceTree = "<group>"; };
		243D5E0328BC918500C2FC07 /* CountryTableCell.swift */ = {isa = PBXFileReference; lastKnownFileType = sourcecode.swift; path = CountryTableCell.swift; sourceTree = "<group>"; };
		243D5E0428BC918500C2FC07 /* CountryTableCell.xib */ = {isa = PBXFileReference; lastKnownFileType = file.xib; path = CountryTableCell.xib; sourceTree = "<group>"; };
		243D5E2828BC932000C2FC07 /* CountryManager.swift */ = {isa = PBXFileReference; lastKnownFileType = sourcecode.swift; path = CountryManager.swift; sourceTree = "<group>"; };
		243D5E2B28BC936E00C2FC07 /* Country.swift */ = {isa = PBXFileReference; lastKnownFileType = sourcecode.swift; path = Country.swift; sourceTree = "<group>"; };
		243D5E2F28BC93D200C2FC07 /* NetworkManager.swift */ = {isa = PBXFileReference; lastKnownFileType = sourcecode.swift; path = NetworkManager.swift; sourceTree = "<group>"; };
		243D5E3428BC975000C2FC07 /* CountryViewModel.swift */ = {isa = PBXFileReference; lastKnownFileType = sourcecode.swift; path = CountryViewModel.swift; sourceTree = "<group>"; };
		243D5E3628BC9B0100C2FC07 /* CountryListViewModel.swift */ = {isa = PBXFileReference; lastKnownFileType = sourcecode.swift; path = CountryListViewModel.swift; sourceTree = "<group>"; };
		243D5E3828BCA1DE00C2FC07 /* CountriesDataSource.swift */ = {isa = PBXFileReference; lastKnownFileType = sourcecode.swift; path = CountriesDataSource.swift; sourceTree = "<group>"; };
/* End PBXFileReference section */

/* Begin PBXFrameworksBuildPhase section */
		243D5DE028BC8ADD00C2FC07 /* Frameworks */ = {
			isa = PBXFrameworksBuildPhase;
			buildActionMask = 2147483647;
			files = (
			);
			runOnlyForDeploymentPostprocessing = 0;
		};
/* End PBXFrameworksBuildPhase section */

/* Begin PBXGroup section */
		243D5DDA28BC8ADD00C2FC07 = {
			isa = PBXGroup;
			children = (
				243D5DE528BC8ADE00C2FC07 /* testProj */,
				243D5DE428BC8ADE00C2FC07 /* Products */,
			);
			sourceTree = "<group>";
		};
		243D5DE428BC8ADE00C2FC07 /* Products */ = {
			isa = PBXGroup;
			children = (
				243D5DE328BC8ADE00C2FC07 /* testProj.app */,
			);
			name = Products;
			sourceTree = "<group>";
		};
		243D5DE528BC8ADE00C2FC07 /* testProj */ = {
			isa = PBXGroup;
			children = (
				243D5E2E28BC93BC00C2FC07 /* Infrastructure */,
				243D5E2728BC92FC00C2FC07 /* Api */,
				243D5E2D28BC937D00C2FC07 /* Domain */,
				243D5DFA28BC8F3100C2FC07 /* Presentation */,
				243D5E2A28BC935000C2FC07 /* App */,
				243D5DEC28BC8ADE00C2FC07 /* Main.storyboard */,
				243D5DEF28BC8AE000C2FC07 /* Assets.xcassets */,
				243D5DF128BC8AE000C2FC07 /* LaunchScreen.storyboard */,
				243D5DF428BC8AE000C2FC07 /* Info.plist */,
			);
			path = testProj;
			sourceTree = "<group>";
		};
		243D5DFA28BC8F3100C2FC07 /* Presentation */ = {
			isa = PBXGroup;
			children = (
				243D5DFB28BC8F4000C2FC07 /* Scenes */,
			);
			path = Presentation;
			sourceTree = "<group>";
		};
		243D5DFB28BC8F4000C2FC07 /* Scenes */ = {
			isa = PBXGroup;
			children = (
				243D5DFC28BC8F5900C2FC07 /* Countries */,
			);
			path = Scenes;
			sourceTree = "<group>";
		};
		243D5DFC28BC8F5900C2FC07 /* Countries */ = {
			isa = PBXGroup;
			children = (
				243D5DFF28BC90A400C2FC07 /* View */,
				243D5E3328BC968D00C2FC07 /* ViewModel */,
			);
			path = Countries;
			sourceTree = "<group>";
		};
		243D5DFF28BC90A400C2FC07 /* View */ = {
			isa = PBXGroup;
			children = (
				243D5E0228BC90DB00C2FC07 /* Cell */,
				243D5DEA28BC8ADE00C2FC07 /* CountryListViewController.swift */,
				243D5DFD28BC8F8200C2FC07 /* CountryListViewController.storyboard */,
			);
			path = View;
			sourceTree = "<group>";
		};
		243D5E0228BC90DB00C2FC07 /* Cell */ = {
			isa = PBXGroup;
			children = (
				243D5E0328BC918500C2FC07 /* CountryTableCell.swift */,
				243D5E0428BC918500C2FC07 /* CountryTableCell.xib */,
			);
			path = Cell;
			sourceTree = "<group>";
		};
		243D5E2728BC92FC00C2FC07 /* Api */ = {
			isa = PBXGroup;
			children = (
				243D5E2828BC932000C2FC07 /* CountryManager.swift */,
			);
			path = Api;
			sourceTree = "<group>";
		};
		243D5E2A28BC935000C2FC07 /* App */ = {
			isa = PBXGroup;
			children = (
				243D5DE628BC8ADE00C2FC07 /* AppDelegate.swift */,
				243D5DE828BC8ADE00C2FC07 /* SceneDelegate.swift */,
			);
			path = App;
			sourceTree = "<group>";
		};
		243D5E2D28BC937D00C2FC07 /* Domain */ = {
			isa = PBXGroup;
			children = (
				243D5E2B28BC936E00C2FC07 /* Country.swift */,
			);
			path = Domain;
			sourceTree = "<group>";
		};
		243D5E2E28BC93BC00C2FC07 /* Infrastructure */ = {
			isa = PBXGroup;
			children = (
				243D5E3128BC93E000C2FC07 /* Extension */,
				243D5E3228BC93F500C2FC07 /* Network */,
			);
			path = Infrastructure;
			sourceTree = "<group>";
		};
		243D5E3128BC93E000C2FC07 /* Extension */ = {
			isa = PBXGroup;
			children = (
			);
			path = Extension;
			sourceTree = "<group>";
		};
		243D5E3228BC93F500C2FC07 /* Network */ = {
			isa = PBXGroup;
			children = (
				243D5E2F28BC93D200C2FC07 /* NetworkManager.swift */,
			);
			path = Network;
			sourceTree = "<group>";
		};
		243D5E3328BC968D00C2FC07 /* ViewModel */ = {
			isa = PBXGroup;
			children = (
				243D5E3828BCA1DE00C2FC07 /* CountriesDataSource.swift */,
				243D5E3628BC9B0100C2FC07 /* CountryListViewModel.swift */,
				243D5E3428BC975000C2FC07 /* CountryViewModel.swift */,
			);
			path = ViewModel;
			sourceTree = "<group>";
		};
/* End PBXGroup section */

/* Begin PBXNativeTarget section */
		243D5DE228BC8ADD00C2FC07 /* testProj */ = {
			isa = PBXNativeTarget;
			buildConfigurationList = 243D5DF728BC8AE000C2FC07 /* Build configuration list for PBXNativeTarget "testProj" */;
			buildPhases = (
				243D5DDF28BC8ADD00C2FC07 /* Sources */,
				243D5DE028BC8ADD00C2FC07 /* Frameworks */,
				243D5DE128BC8ADD00C2FC07 /* Resources */,
			);
			buildRules = (
			);
			dependencies = (
			);
			name = testProj;
			productName = testProj;
			productReference = 243D5DE328BC8ADE00C2FC07 /* testProj.app */;
			productType = "com.apple.product-type.application";
		};
/* End PBXNativeTarget section */

/* Begin PBXProject section */
		243D5DDB28BC8ADD00C2FC07 /* Project object */ = {
			isa = PBXProject;
			attributes = {
				BuildIndependentTargetsInParallel = 1;
				LastSwiftUpdateCheck = 1330;
				LastUpgradeCheck = 1330;
				TargetAttributes = {
					243D5DE228BC8ADD00C2FC07 = {
						CreatedOnToolsVersion = 13.3;
					};
				};
			};
			buildConfigurationList = 243D5DDE28BC8ADD00C2FC07 /* Build configuration list for PBXProject "testProj" */;
			compatibilityVersion = "Xcode 13.0";
			developmentRegion = en;
			hasScannedForEncodings = 0;
			knownRegions = (
				en,
				Base,
			);
			mainGroup = 243D5DDA28BC8ADD00C2FC07;
			productRefGroup = 243D5DE428BC8ADE00C2FC07 /* Products */;
			projectDirPath = "";
			projectRoot = "";
			targets = (
				243D5DE228BC8ADD00C2FC07 /* testProj */,
			);
		};
/* End PBXProject section */

/* Begin PBXResourcesBuildPhase section */
		243D5DE128BC8ADD00C2FC07 /* Resources */ = {
			isa = PBXResourcesBuildPhase;
			buildActionMask = 2147483647;
			files = (
				243D5DF328BC8AE000C2FC07 /* LaunchScreen.storyboard in Resources */,
				243D5DF028BC8AE000C2FC07 /* Assets.xcassets in Resources */,
				243D5DFE28BC8F8200C2FC07 /* CountryListViewController.storyboard in Resources */,
				243D5DEE28BC8ADE00C2FC07 /* Main.storyboard in Resources */,
				243D5E0628BC918500C2FC07 /* CountryTableCell.xib in Resources */,
			);
			runOnlyForDeploymentPostprocessing = 0;
		};
/* End PBXResourcesBuildPhase section */

/* Begin PBXSourcesBuildPhase section */
		243D5DDF28BC8ADD00C2FC07 /* Sources */ = {
			isa = PBXSourcesBuildPhase;
			buildActionMask = 2147483647;
			files = (
				243D5DEB28BC8ADE00C2FC07 /* CountryListViewController.swift in Sources */,
				243D5E3528BC975000C2FC07 /* CountryViewModel.swift in Sources */,
				243D5E0528BC918500C2FC07 /* CountryTableCell.swift in Sources */,
				243D5E3728BC9B0100C2FC07 /* CountryListViewModel.swift in Sources */,
				243D5DE728BC8ADE00C2FC07 /* AppDelegate.swift in Sources */,
				243D5E3028BC93D200C2FC07 /* NetworkManager.swift in Sources */,
				243D5E2928BC932000C2FC07 /* CountryManager.swift in Sources */,
				243D5E3928BCA1DE00C2FC07 /* CountriesDataSource.swift in Sources */,
				243D5DE928BC8ADE00C2FC07 /* SceneDelegate.swift in Sources */,
				243D5E2C28BC936E00C2FC07 /* Country.swift in Sources */,
			);
			runOnlyForDeploymentPostprocessing = 0;
		};
/* End PBXSourcesBuildPhase section */

/* Begin PBXVariantGroup section */
		243D5DEC28BC8ADE00C2FC07 /* Main.storyboard */ = {
			isa = PBXVariantGroup;
			children = (
				243D5DED28BC8ADE00C2FC07 /* Base */,
			);
			name = Main.storyboard;
			sourceTree = "<group>";
		};
		243D5DF128BC8AE000C2FC07 /* LaunchScreen.storyboard */ = {
			isa = PBXVariantGroup;
			children = (
				243D5DF228BC8AE000C2FC07 /* Base */,
			);
			name = LaunchScreen.storyboard;
			sourceTree = "<group>";
		};
/* End PBXVariantGroup section */

/* Begin XCBuildConfiguration section */
		243D5DF528BC8AE000C2FC07 /* Debug */ = {
			isa = XCBuildConfiguration;
			buildSettings = {
				ALWAYS_SEARCH_USER_PATHS = NO;
				CLANG_ANALYZER_NONNULL = YES;
				CLANG_ANALYZER_NUMBER_OBJECT_CONVERSION = YES_AGGRESSIVE;
				CLANG_CXX_LANGUAGE_STANDARD = "gnu++17";
				CLANG_ENABLE_MODULES = YES;
				CLANG_ENABLE_OBJC_ARC = YES;
				CLANG_ENABLE_OBJC_WEAK = YES;
				CLANG_WARN_BLOCK_CAPTURE_AUTORELEASING = YES;
				CLANG_WARN_BOOL_CONVERSION = YES;
				CLANG_WARN_COMMA = YES;
				CLANG_WARN_CONSTANT_CONVERSION = YES;
				CLANG_WARN_DEPRECATED_OBJC_IMPLEMENTATIONS = YES;
				CLANG_WARN_DIRECT_OBJC_ISA_USAGE = YES_ERROR;
				CLANG_WARN_DOCUMENTATION_COMMENTS = YES;
				CLANG_WARN_EMPTY_BODY = YES;
				CLANG_WARN_ENUM_CONVERSION = YES;
				CLANG_WARN_INFINITE_RECURSION = YES;
				CLANG_WARN_INT_CONVERSION = YES;
				CLANG_WARN_NON_LITERAL_NULL_CONVERSION = YES;
				CLANG_WARN_OBJC_IMPLICIT_RETAIN_SELF = YES;
				CLANG_WARN_OBJC_LITERAL_CONVERSION = YES;
				CLANG_WARN_OBJC_ROOT_CLASS = YES_ERROR;
				CLANG_WARN_QUOTED_INCLUDE_IN_FRAMEWORK_HEADER = YES;
				CLANG_WARN_RANGE_LOOP_ANALYSIS = YES;
				CLANG_WARN_STRICT_PROTOTYPES = YES;
				CLANG_WARN_SUSPICIOUS_MOVE = YES;
				CLANG_WARN_UNGUARDED_AVAILABILITY = YES_AGGRESSIVE;
				CLANG_WARN_UNREACHABLE_CODE = YES;
				CLANG_WARN__DUPLICATE_METHOD_MATCH = YES;
				COPY_PHASE_STRIP = NO;
				DEBUG_INFORMATION_FORMAT = dwarf;
				ENABLE_STRICT_OBJC_MSGSEND = YES;
				ENABLE_TESTABILITY = YES;
				GCC_C_LANGUAGE_STANDARD = gnu11;
				GCC_DYNAMIC_NO_PIC = NO;
				GCC_NO_COMMON_BLOCKS = YES;
				GCC_OPTIMIZATION_LEVEL = 0;
				GCC_PREPROCESSOR_DEFINITIONS = (
					"DEBUG=1",
					"$(inherited)",
				);
				GCC_WARN_64_TO_32_BIT_CONVERSION = YES;
				GCC_WARN_ABOUT_RETURN_TYPE = YES_ERROR;
				GCC_WARN_UNDECLARED_SELECTOR = YES;
				GCC_WARN_UNINITIALIZED_AUTOS = YES_AGGRESSIVE;
				GCC_WARN_UNUSED_FUNCTION = YES;
				GCC_WARN_UNUSED_VARIABLE = YES;
				IPHONEOS_DEPLOYMENT_TARGET = 15.4;
				MTL_ENABLE_DEBUG_INFO = INCLUDE_SOURCE;
				MTL_FAST_MATH = YES;
				ONLY_ACTIVE_ARCH = YES;
				SDKROOT = iphoneos;
				SWIFT_ACTIVE_COMPILATION_CONDITIONS = DEBUG;
				SWIFT_OPTIMIZATION_LEVEL = "-Onone";
			};
			name = Debug;
		};
		243D5DF628BC8AE000C2FC07 /* Release */ = {
			isa = XCBuildConfiguration;
			buildSettings = {
				ALWAYS_SEARCH_USER_PATHS = NO;
				CLANG_ANALYZER_NONNULL = YES;
				CLANG_ANALYZER_NUMBER_OBJECT_CONVERSION = YES_AGGRESSIVE;
				CLANG_CXX_LANGUAGE_STANDARD = "gnu++17";
				CLANG_ENABLE_MODULES = YES;
				CLANG_ENABLE_OBJC_ARC = YES;
				CLANG_ENABLE_OBJC_WEAK = YES;
				CLANG_WARN_BLOCK_CAPTURE_AUTORELEASING = YES;
				CLANG_WARN_BOOL_CONVERSION = YES;
				CLANG_WARN_COMMA = YES;
				CLANG_WARN_CONSTANT_CONVERSION = YES;
				CLANG_WARN_DEPRECATED_OBJC_IMPLEMENTATIONS = YES;
				CLANG_WARN_DIRECT_OBJC_ISA_USAGE = YES_ERROR;
				CLANG_WARN_DOCUMENTATION_COMMENTS = YES;
				CLANG_WARN_EMPTY_BODY = YES;
				CLANG_WARN_ENUM_CONVERSION = YES;
				CLANG_WARN_INFINITE_RECURSION = YES;
				CLANG_WARN_INT_CONVERSION = YES;
				CLANG_WARN_NON_LITERAL_NULL_CONVERSION = YES;
				CLANG_WARN_OBJC_IMPLICIT_RETAIN_SELF = YES;
				CLANG_WARN_OBJC_LITERAL_CONVERSION = YES;
				CLANG_WARN_OBJC_ROOT_CLASS = YES_ERROR;
				CLANG_WARN_QUOTED_INCLUDE_IN_FRAMEWORK_HEADER = YES;
				CLANG_WARN_RANGE_LOOP_ANALYSIS = YES;
				CLANG_WARN_STRICT_PROTOTYPES = YES;
				CLANG_WARN_SUSPICIOUS_MOVE = YES;
				CLANG_WARN_UNGUARDED_AVAILABILITY = YES_AGGRESSIVE;
				CLANG_WARN_UNREACHABLE_CODE = YES;
				CLANG_WARN__DUPLICATE_METHOD_MATCH = YES;
				COPY_PHASE_STRIP = NO;
				DEBUG_INFORMATION_FORMAT = "dwarf-with-dsym";
				ENABLE_NS_ASSERTIONS = NO;
				ENABLE_STRICT_OBJC_MSGSEND = YES;
				GCC_C_LANGUAGE_STANDARD = gnu11;
				GCC_NO_COMMON_BLOCKS = YES;
				GCC_WARN_64_TO_32_BIT_CONVERSION = YES;
				GCC_WARN_ABOUT_RETURN_TYPE = YES_ERROR;
				GCC_WARN_UNDECLARED_SELECTOR = YES;
				GCC_WARN_UNINITIALIZED_AUTOS = YES_AGGRESSIVE;
				GCC_WARN_UNUSED_FUNCTION = YES;
				GCC_WARN_UNUSED_VARIABLE = YES;
				IPHONEOS_DEPLOYMENT_TARGET = 15.4;
				MTL_ENABLE_DEBUG_INFO = NO;
				MTL_FAST_MATH = YES;
				SDKROOT = iphoneos;
				SWIFT_COMPILATION_MODE = wholemodule;
				SWIFT_OPTIMIZATION_LEVEL = "-O";
				VALIDATE_PRODUCT = YES;
			};
			name = Release;
		};
		243D5DF828BC8AE000C2FC07 /* Debug */ = {
			isa = XCBuildConfiguration;
			buildSettings = {
				ASSETCATALOG_COMPILER_APPICON_NAME = AppIcon;
				ASSETCATALOG_COMPILER_GLOBAL_ACCENT_COLOR_NAME = AccentColor;
				CODE_SIGN_STYLE = Automatic;
				CURRENT_PROJECT_VERSION = 1;
				DEVELOPMENT_TEAM = ZLHC642UM6;
				GENERATE_INFOPLIST_FILE = YES;
				INFOPLIST_FILE = testProj/Info.plist;
				INFOPLIST_KEY_UIApplicationSupportsIndirectInputEvents = YES;
				INFOPLIST_KEY_UILaunchStoryboardName = LaunchScreen;
				INFOPLIST_KEY_UIMainStoryboardFile = CountryListViewController;
				INFOPLIST_KEY_UISupportedInterfaceOrientations_iPad = "UIInterfaceOrientationPortrait UIInterfaceOrientationPortraitUpsideDown UIInterfaceOrientationLandscapeLeft UIInterfaceOrientationLandscapeRight";
				INFOPLIST_KEY_UISupportedInterfaceOrientations_iPhone = "UIInterfaceOrientationPortrait UIInterfaceOrientationLandscapeLeft UIInterfaceOrientationLandscapeRight";
				IPHONEOS_DEPLOYMENT_TARGET = 15.0;
				LD_RUNPATH_SEARCH_PATHS = (
					"$(inherited)",
					"@executable_path/Frameworks",
				);
				MARKETING_VERSION = 1.0;
				PRODUCT_BUNDLE_IDENTIFIER = ge.edu.geolab..testProj;
				PRODUCT_NAME = "$(TARGET_NAME)";
				SWIFT_EMIT_LOC_STRINGS = YES;
				SWIFT_VERSION = 5.0;
				TARGETED_DEVICE_FAMILY = "1,2";
			};
			name = Debug;
		};
		243D5DF928BC8AE000C2FC07 /* Release */ = {
			isa = XCBuildConfiguration;
			buildSettings = {
				ASSETCATALOG_COMPILER_APPICON_NAME = AppIcon;
				ASSETCATALOG_COMPILER_GLOBAL_ACCENT_COLOR_NAME = AccentColor;
				CODE_SIGN_STYLE = Automatic;
				CURRENT_PROJECT_VERSION = 1;
				DEVELOPMENT_TEAM = ZLHC642UM6;
				GENERATE_INFOPLIST_FILE = YES;
				INFOPLIST_FILE = testProj/Info.plist;
				INFOPLIST_KEY_UIApplicationSupportsIndirectInputEvents = YES;
				INFOPLIST_KEY_UILaunchStoryboardName = LaunchScreen;
				INFOPLIST_KEY_UIMainStoryboardFile = CountryListViewController;
				INFOPLIST_KEY_UISupportedInterfaceOrientations_iPad = "UIInterfaceOrientationPortrait UIInterfaceOrientationPortraitUpsideDown UIInterfaceOrientationLandscapeLeft UIInterfaceOrientationLandscapeRight";
				INFOPLIST_KEY_UISupportedInterfaceOrientations_iPhone = "UIInterfaceOrientationPortrait UIInterfaceOrientationLandscapeLeft UIInterfaceOrientationLandscapeRight";
				IPHONEOS_DEPLOYMENT_TARGET = 15.0;
				LD_RUNPATH_SEARCH_PATHS = (
					"$(inherited)",
					"@executable_path/Frameworks",
				);
				MARKETING_VERSION = 1.0;
				PRODUCT_BUNDLE_IDENTIFIER = ge.edu.geolab..testProj;
				PRODUCT_NAME = "$(TARGET_NAME)";
				SWIFT_EMIT_LOC_STRINGS = YES;
				SWIFT_VERSION = 5.0;
				TARGETED_DEVICE_FAMILY = "1,2";
			};
			name = Release;
		};
/* End XCBuildConfiguration section */

/* Begin XCConfigurationList section */
		243D5DDE28BC8ADD00C2FC07 /* Build configuration list for PBXProject "testProj" */ = {
			isa = XCConfigurationList;
			buildConfigurations = (
				243D5DF528BC8AE000C2FC07 /* Debug */,
				243D5DF628BC8AE000C2FC07 /* Release */,
			);
			defaultConfigurationIsVisible = 0;
			defaultConfigurationName = Release;
		};
		243D5DF728BC8AE000C2FC07 /* Build configuration list for PBXNativeTarget "testProj" */ = {
			isa = XCConfigurationList;
			buildConfigurations = (
				243D5DF828BC8AE000C2FC07 /* Debug */,
				243D5DF928BC8AE000C2FC07 /* Release */,
			);
			defaultConfigurationIsVisible = 0;
			defaultConfigurationName = Release;
		};
/* End XCConfigurationList section */
	};
	rootObject = 243D5DDB28BC8ADD00C2FC07 /* Project object */;
}
