// !$*UTF8*$!
{
	archiveVersion = 1;
	classes = {
	};
	objectVersion = 55;
	objects = {

/* Begin PBXBuildFile section */
		2481C50F28ABDB5B000DAC49 /* MovieDetailsViewController.swift in Sources */ = {isa = PBXBuildFile; fileRef = 2481C50E28ABDB5B000DAC49 /* MovieDetailsViewController.swift */; };
		24919C1D28A7CF32003102CF /* AppDelegate.swift in Sources */ = {isa = PBXBuildFile; fileRef = 24919C1C28A7CF32003102CF /* AppDelegate.swift */; };
		24919C1F28A7CF32003102CF /* SceneDelegate.swift in Sources */ = {isa = PBXBuildFile; fileRef = 24919C1E28A7CF32003102CF /* SceneDelegate.swift */; };
		24919C2428A7CF32003102CF /* Main.storyboard in Resources */ = {isa = PBXBuildFile; fileRef = 24919C2228A7CF32003102CF /* Main.storyboard */; };
		24919C2628A7CF34003102CF /* Assets.xcassets in Resources */ = {isa = PBXBuildFile; fileRef = 24919C2528A7CF34003102CF /* Assets.xcassets */; };
		24919C2928A7CF34003102CF /* LaunchScreen.storyboard in Resources */ = {isa = PBXBuildFile; fileRef = 24919C2728A7CF34003102CF /* LaunchScreen.storyboard */; };
		24919C3228A7CFC7003102CF /* networkCall.swift in Sources */ = {isa = PBXBuildFile; fileRef = 24919C3128A7CFC7003102CF /* networkCall.swift */; };
		24919C3528A7D05B003102CF /* movieListTableViewController.swift in Sources */ = {isa = PBXBuildFile; fileRef = 24919C3428A7D05B003102CF /* movieListTableViewController.swift */; };
		24919C3828A7D0AD003102CF /* movieListTableViewCell.swift in Sources */ = {isa = PBXBuildFile; fileRef = 24919C3728A7D0AD003102CF /* movieListTableViewCell.swift */; };
		24919C3B28A7D68D003102CF /* TopRatedMovie.swift in Sources */ = {isa = PBXBuildFile; fileRef = 24919C3A28A7D68D003102CF /* TopRatedMovie.swift */; };
		24919C3D28A7DBCF003102CF /* Extansions.swift in Sources */ = {isa = PBXBuildFile; fileRef = 24919C3C28A7DBCF003102CF /* Extansions.swift */; };
/* End PBXBuildFile section */

/* Begin PBXFileReference section */
		2481C50E28ABDB5B000DAC49 /* MovieDetailsViewController.swift */ = {isa = PBXFileReference; lastKnownFileType = sourcecode.swift; path = MovieDetailsViewController.swift; sourceTree = "<group>"; };
		24919C1928A7CF32003102CF /* Muchaidze_Lecture_22.app */ = {isa = PBXFileReference; explicitFileType = wrapper.application; includeInIndex = 0; path = Muchaidze_Lecture_22.app; sourceTree = BUILT_PRODUCTS_DIR; };
		24919C1C28A7CF32003102CF /* AppDelegate.swift */ = {isa = PBXFileReference; lastKnownFileType = sourcecode.swift; path = AppDelegate.swift; sourceTree = "<group>"; };
		24919C1E28A7CF32003102CF /* SceneDelegate.swift */ = {isa = PBXFileReference; lastKnownFileType = sourcecode.swift; path = SceneDelegate.swift; sourceTree = "<group>"; };
		24919C2328A7CF32003102CF /* Base */ = {isa = PBXFileReference; lastKnownFileType = file.storyboard; name = Base; path = Base.lproj/Main.storyboard; sourceTree = "<group>"; };
		24919C2528A7CF34003102CF /* Assets.xcassets */ = {isa = PBXFileReference; lastKnownFileType = folder.assetcatalog; path = Assets.xcassets; sourceTree = "<group>"; };
		24919C2828A7CF34003102CF /* Base */ = {isa = PBXFileReference; lastKnownFileType = file.storyboard; name = Base; path = Base.lproj/LaunchScreen.storyboard; sourceTree = "<group>"; };
		24919C2A28A7CF34003102CF /* Info.plist */ = {isa = PBXFileReference; lastKnownFileType = text.plist.xml; path = Info.plist; sourceTree = "<group>"; };
		24919C3128A7CFC7003102CF /* networkCall.swift */ = {isa = PBXFileReference; lastKnownFileType = sourcecode.swift; path = networkCall.swift; sourceTree = "<group>"; };
		24919C3428A7D05B003102CF /* movieListTableViewController.swift */ = {isa = PBXFileReference; lastKnownFileType = sourcecode.swift; path = movieListTableViewController.swift; sourceTree = "<group>"; };
		24919C3728A7D0AD003102CF /* movieListTableViewCell.swift */ = {isa = PBXFileReference; lastKnownFileType = sourcecode.swift; path = movieListTableViewCell.swift; sourceTree = "<group>"; };
		24919C3A28A7D68D003102CF /* TopRatedMovie.swift */ = {isa = PBXFileReference; lastKnownFileType = sourcecode.swift; path = TopRatedMovie.swift; sourceTree = "<group>"; };
		24919C3C28A7DBCF003102CF /* Extansions.swift */ = {isa = PBXFileReference; lastKnownFileType = sourcecode.swift; path = Extansions.swift; sourceTree = "<group>"; };
/* End PBXFileReference section */

/* Begin PBXFrameworksBuildPhase section */
		24919C1628A7CF32003102CF /* Frameworks */ = {
			isa = PBXFrameworksBuildPhase;
			buildActionMask = 2147483647;
			files = (
			);
			runOnlyForDeploymentPostprocessing = 0;
		};
/* End PBXFrameworksBuildPhase section */

/* Begin PBXGroup section */
		2481C50B28ABDAA2000DAC49 /* movieDetails */ = {
			isa = PBXGroup;
			children = (
				2481C50E28ABDB5B000DAC49 /* MovieDetailsViewController.swift */,
			);
			path = movieDetails;
			sourceTree = "<group>";
		};
		24919C1028A7CF32003102CF = {
			isa = PBXGroup;
			children = (
				24919C1B28A7CF32003102CF /* Muchaidze_Lecture_22 */,
				24919C1A28A7CF32003102CF /* Products */,
			);
			sourceTree = "<group>";
		};
		24919C1A28A7CF32003102CF /* Products */ = {
			isa = PBXGroup;
			children = (
				24919C1928A7CF32003102CF /* Muchaidze_Lecture_22.app */,
			);
			name = Products;
			sourceTree = "<group>";
		};
		24919C1B28A7CF32003102CF /* Muchaidze_Lecture_22 */ = {
			isa = PBXGroup;
			children = (
				2481C50B28ABDAA2000DAC49 /* movieDetails */,
				24919C3C28A7DBCF003102CF /* Extansions.swift */,
				24919C3928A7D65F003102CF /* Models */,
				24919C3328A7D014003102CF /* movieListTableView */,
				24919C3028A7CFB6003102CF /* Network */,
				24919C1C28A7CF32003102CF /* AppDelegate.swift */,
				24919C1E28A7CF32003102CF /* SceneDelegate.swift */,
				24919C2228A7CF32003102CF /* Main.storyboard */,
				24919C2528A7CF34003102CF /* Assets.xcassets */,
				24919C2728A7CF34003102CF /* LaunchScreen.storyboard */,
				24919C2A28A7CF34003102CF /* Info.plist */,
			);
			path = Muchaidze_Lecture_22;
			sourceTree = "<group>";
		};
		24919C3028A7CFB6003102CF /* Network */ = {
			isa = PBXGroup;
			children = (
				24919C3128A7CFC7003102CF /* networkCall.swift */,
			);
			path = Network;
			sourceTree = "<group>";
		};
		24919C3328A7D014003102CF /* movieListTableView */ = {
			isa = PBXGroup;
			children = (
				24919C3428A7D05B003102CF /* movieListTableViewController.swift */,
				24919C3728A7D0AD003102CF /* movieListTableViewCell.swift */,
			);
			path = movieListTableView;
			sourceTree = "<group>";
		};
		24919C3928A7D65F003102CF /* Models */ = {
			isa = PBXGroup;
			children = (
				24919C3A28A7D68D003102CF /* TopRatedMovie.swift */,
			);
			path = Models;
			sourceTree = "<group>";
		};
/* End PBXGroup section */

/* Begin PBXNativeTarget section */
		24919C1828A7CF32003102CF /* Muchaidze_Lecture_22 */ = {
			isa = PBXNativeTarget;
			buildConfigurationList = 24919C2D28A7CF34003102CF /* Build configuration list for PBXNativeTarget "Muchaidze_Lecture_22" */;
			buildPhases = (
				24919C1528A7CF32003102CF /* Sources */,
				24919C1628A7CF32003102CF /* Frameworks */,
				24919C1728A7CF32003102CF /* Resources */,
			);
			buildRules = (
			);
			dependencies = (
			);
			name = Muchaidze_Lecture_22;
			productName = Muchaidze_Lecture_22;
			productReference = 24919C1928A7CF32003102CF /* Muchaidze_Lecture_22.app */;
			productType = "com.apple.product-type.application";
		};
/* End PBXNativeTarget section */

/* Begin PBXProject section */
		24919C1128A7CF32003102CF /* Project object */ = {
			isa = PBXProject;
			attributes = {
				BuildIndependentTargetsInParallel = 1;
				LastSwiftUpdateCheck = 1340;
				LastUpgradeCheck = 1340;
				TargetAttributes = {
					24919C1828A7CF32003102CF = {
						CreatedOnToolsVersion = 13.4.1;
					};
				};
			};
			buildConfigurationList = 24919C1428A7CF32003102CF /* Build configuration list for PBXProject "Muchaidze_Lecture_22" */;
			compatibilityVersion = "Xcode 13.0";
			developmentRegion = en;
			hasScannedForEncodings = 0;
			knownRegions = (
				en,
				Base,
			);
			mainGroup = 24919C1028A7CF32003102CF;
			productRefGroup = 24919C1A28A7CF32003102CF /* Products */;
			projectDirPath = "";
			projectRoot = "";
			targets = (
				24919C1828A7CF32003102CF /* Muchaidze_Lecture_22 */,
			);
		};
/* End PBXProject section */

/* Begin PBXResourcesBuildPhase section */
		24919C1728A7CF32003102CF /* Resources */ = {
			isa = PBXResourcesBuildPhase;
			buildActionMask = 2147483647;
			files = (
				24919C2928A7CF34003102CF /* LaunchScreen.storyboard in Resources */,
				24919C2628A7CF34003102CF /* Assets.xcassets in Resources */,
				24919C2428A7CF32003102CF /* Main.storyboard in Resources */,
			);
			runOnlyForDeploymentPostprocessing = 0;
		};
/* End PBXResourcesBuildPhase section */

/* Begin PBXSourcesBuildPhase section */
		24919C1528A7CF32003102CF /* Sources */ = {
			isa = PBXSourcesBuildPhase;
			buildActionMask = 2147483647;
			files = (
				24919C3528A7D05B003102CF /* movieListTableViewController.swift in Sources */,
				24919C3828A7D0AD003102CF /* movieListTableViewCell.swift in Sources */,
				24919C1D28A7CF32003102CF /* AppDelegate.swift in Sources */,
				24919C3B28A7D68D003102CF /* TopRatedMovie.swift in Sources */,
				2481C50F28ABDB5B000DAC49 /* MovieDetailsViewController.swift in Sources */,
				24919C3D28A7DBCF003102CF /* Extansions.swift in Sources */,
				24919C3228A7CFC7003102CF /* networkCall.swift in Sources */,
				24919C1F28A7CF32003102CF /* SceneDelegate.swift in Sources */,
			);
			runOnlyForDeploymentPostprocessing = 0;
		};
/* End PBXSourcesBuildPhase section */

/* Begin PBXVariantGroup section */
		24919C2228A7CF32003102CF /* Main.storyboard */ = {
			isa = PBXVariantGroup;
			children = (
				24919C2328A7CF32003102CF /* Base */,
			);
			name = Main.storyboard;
			sourceTree = "<group>";
		};
		24919C2728A7CF34003102CF /* LaunchScreen.storyboard */ = {
			isa = PBXVariantGroup;
			children = (
				24919C2828A7CF34003102CF /* Base */,
			);
			name = LaunchScreen.storyboard;
			sourceTree = "<group>";
		};
/* End PBXVariantGroup section */

/* Begin XCBuildConfiguration section */
		24919C2B28A7CF34003102CF /* Debug */ = {
			isa = XCBuildConfiguration;
			buildSettings = {
				ALWAYS_SEARCH_USER_PATHS = NO;
				CLANG_ANALYZER_NONNULL = YES;
				CLANG_ANALYZER_NUMBER_OBJECT_CONVERSION = YES_AGGRESSIVE;
				CLANG_CXX_LANGUAGE_STANDARD = "gnu++17";
				CLANG_ENABLE_MODULES = YES;
				CLANG_ENABLE_OBJC_ARC = YES;
				CLANG_ENABLE_OBJC_WEAK = YES;
				CLANG_WARN_BLOCK_CAPTURE_AUTORELEASING = YES;
				CLANG_WARN_BOOL_CONVERSION = YES;
				CLANG_WARN_COMMA = YES;
				CLANG_WARN_CONSTANT_CONVERSION = YES;
				CLANG_WARN_DEPRECATED_OBJC_IMPLEMENTATIONS = YES;
				CLANG_WARN_DIRECT_OBJC_ISA_USAGE = YES_ERROR;
				CLANG_WARN_DOCUMENTATION_COMMENTS = YES;
				CLANG_WARN_EMPTY_BODY = YES;
				CLANG_WARN_ENUM_CONVERSION = YES;
				CLANG_WARN_INFINITE_RECURSION = YES;
				CLANG_WARN_INT_CONVERSION = YES;
				CLANG_WARN_NON_LITERAL_NULL_CONVERSION = YES;
				CLANG_WARN_OBJC_IMPLICIT_RETAIN_SELF = YES;
				CLANG_WARN_OBJC_LITERAL_CONVERSION = YES;
				CLANG_WARN_OBJC_ROOT_CLASS = YES_ERROR;
				CLANG_WARN_QUOTED_INCLUDE_IN_FRAMEWORK_HEADER = YES;
				CLANG_WARN_RANGE_LOOP_ANALYSIS = YES;
				CLANG_WARN_STRICT_PROTOTYPES = YES;
				CLANG_WARN_SUSPICIOUS_MOVE = YES;
				CLANG_WARN_UNGUARDED_AVAILABILITY = YES_AGGRESSIVE;
				CLANG_WARN_UNREACHABLE_CODE = YES;
				CLANG_WARN__DUPLICATE_METHOD_MATCH = YES;
				COPY_PHASE_STRIP = NO;
				DEBUG_INFORMATION_FORMAT = dwarf;
				ENABLE_STRICT_OBJC_MSGSEND = YES;
				ENABLE_TESTABILITY = YES;
				GCC_C_LANGUAGE_STANDARD = gnu11;
				GCC_DYNAMIC_NO_PIC = NO;
				GCC_NO_COMMON_BLOCKS = YES;
				GCC_OPTIMIZATION_LEVEL = 0;
				GCC_PREPROCESSOR_DEFINITIONS = (
					"DEBUG=1",
					"$(inherited)",
				);
				GCC_WARN_64_TO_32_BIT_CONVERSION = YES;
				GCC_WARN_ABOUT_RETURN_TYPE = YES_ERROR;
				GCC_WARN_UNDECLARED_SELECTOR = YES;
				GCC_WARN_UNINITIALIZED_AUTOS = YES_AGGRESSIVE;
				GCC_WARN_UNUSED_FUNCTION = YES;
				GCC_WARN_UNUSED_VARIABLE = YES;
				IPHONEOS_DEPLOYMENT_TARGET = 15.5;
				MTL_ENABLE_DEBUG_INFO = INCLUDE_SOURCE;
				MTL_FAST_MATH = YES;
				ONLY_ACTIVE_ARCH = YES;
				SDKROOT = iphoneos;
				SWIFT_ACTIVE_COMPILATION_CONDITIONS = DEBUG;
				SWIFT_OPTIMIZATION_LEVEL = "-Onone";
			};
			name = Debug;
		};
		24919C2C28A7CF34003102CF /* Release */ = {
			isa = XCBuildConfiguration;
			buildSettings = {
				ALWAYS_SEARCH_USER_PATHS = NO;
				CLANG_ANALYZER_NONNULL = YES;
				CLANG_ANALYZER_NUMBER_OBJECT_CONVERSION = YES_AGGRESSIVE;
				CLANG_CXX_LANGUAGE_STANDARD = "gnu++17";
				CLANG_ENABLE_MODULES = YES;
				CLANG_ENABLE_OBJC_ARC = YES;
				CLANG_ENABLE_OBJC_WEAK = YES;
				CLANG_WARN_BLOCK_CAPTURE_AUTORELEASING = YES;
				CLANG_WARN_BOOL_CONVERSION = YES;
				CLANG_WARN_COMMA = YES;
				CLANG_WARN_CONSTANT_CONVERSION = YES;
				CLANG_WARN_DEPRECATED_OBJC_IMPLEMENTATIONS = YES;
				CLANG_WARN_DIRECT_OBJC_ISA_USAGE = YES_ERROR;
				CLANG_WARN_DOCUMENTATION_COMMENTS = YES;
				CLANG_WARN_EMPTY_BODY = YES;
				CLANG_WARN_ENUM_CONVERSION = YES;
				CLANG_WARN_INFINITE_RECURSION = YES;
				CLANG_WARN_INT_CONVERSION = YES;
				CLANG_WARN_NON_LITERAL_NULL_CONVERSION = YES;
				CLANG_WARN_OBJC_IMPLICIT_RETAIN_SELF = YES;
				CLANG_WARN_OBJC_LITERAL_CONVERSION = YES;
				CLANG_WARN_OBJC_ROOT_CLASS = YES_ERROR;
				CLANG_WARN_QUOTED_INCLUDE_IN_FRAMEWORK_HEADER = YES;
				CLANG_WARN_RANGE_LOOP_ANALYSIS = YES;
				CLANG_WARN_STRICT_PROTOTYPES = YES;
				CLANG_WARN_SUSPICIOUS_MOVE = YES;
				CLANG_WARN_UNGUARDED_AVAILABILITY = YES_AGGRESSIVE;
				CLANG_WARN_UNREACHABLE_CODE = YES;
				CLANG_WARN__DUPLICATE_METHOD_MATCH = YES;
				COPY_PHASE_STRIP = NO;
				DEBUG_INFORMATION_FORMAT = "dwarf-with-dsym";
				ENABLE_NS_ASSERTIONS = NO;
				ENABLE_STRICT_OBJC_MSGSEND = YES;
				GCC_C_LANGUAGE_STANDARD = gnu11;
				GCC_NO_COMMON_BLOCKS = YES;
				GCC_WARN_64_TO_32_BIT_CONVERSION = YES;
				GCC_WARN_ABOUT_RETURN_TYPE = YES_ERROR;
				GCC_WARN_UNDECLARED_SELECTOR = YES;
				GCC_WARN_UNINITIALIZED_AUTOS = YES_AGGRESSIVE;
				GCC_WARN_UNUSED_FUNCTION = YES;
				GCC_WARN_UNUSED_VARIABLE = YES;
				IPHONEOS_DEPLOYMENT_TARGET = 15.5;
				MTL_ENABLE_DEBUG_INFO = NO;
				MTL_FAST_MATH = YES;
				SDKROOT = iphoneos;
				SWIFT_COMPILATION_MODE = wholemodule;
				SWIFT_OPTIMIZATION_LEVEL = "-O";
				VALIDATE_PRODUCT = YES;
			};
			name = Release;
		};
		24919C2E28A7CF34003102CF /* Debug */ = {
			isa = XCBuildConfiguration;
			buildSettings = {
				ASSETCATALOG_COMPILER_APPICON_NAME = AppIcon;
				ASSETCATALOG_COMPILER_GLOBAL_ACCENT_COLOR_NAME = AccentColor;
				CODE_SIGN_STYLE = Automatic;
				CURRENT_PROJECT_VERSION = 1;
				DEVELOPMENT_TEAM = SH225JG2GM;
				GENERATE_INFOPLIST_FILE = YES;
				INFOPLIST_FILE = Muchaidze_Lecture_22/Info.plist;
				INFOPLIST_KEY_UIApplicationSupportsIndirectInputEvents = YES;
				INFOPLIST_KEY_UILaunchStoryboardName = LaunchScreen;
				INFOPLIST_KEY_UIMainStoryboardFile = Main;
				INFOPLIST_KEY_UISupportedInterfaceOrientations_iPad = "UIInterfaceOrientationPortrait UIInterfaceOrientationPortraitUpsideDown UIInterfaceOrientationLandscapeLeft UIInterfaceOrientationLandscapeRight";
				INFOPLIST_KEY_UISupportedInterfaceOrientations_iPhone = "UIInterfaceOrientationPortrait UIInterfaceOrientationLandscapeLeft UIInterfaceOrientationLandscapeRight";
				LD_RUNPATH_SEARCH_PATHS = (
					"$(inherited)",
					"@executable_path/Frameworks",
				);
				MARKETING_VERSION = 1.0;
				PRODUCT_BUNDLE_IDENTIFIER = "ge-Muchaidze-Lecture-22.Muchaidze-Lecture-22";
				PRODUCT_NAME = "$(TARGET_NAME)";
				SWIFT_EMIT_LOC_STRINGS = YES;
				SWIFT_VERSION = 5.0;
				TARGETED_DEVICE_FAMILY = "1,2";
			};
			name = Debug;
		};
		24919C2F28A7CF34003102CF /* Release */ = {
			isa = XCBuildConfiguration;
			buildSettings = {
				ASSETCATALOG_COMPILER_APPICON_NAME = AppIcon;
				ASSETCATALOG_COMPILER_GLOBAL_ACCENT_COLOR_NAME = AccentColor;
				CODE_SIGN_STYLE = Automatic;
				CURRENT_PROJECT_VERSION = 1;
				DEVELOPMENT_TEAM = SH225JG2GM;
				GENERATE_INFOPLIST_FILE = YES;
				INFOPLIST_FILE = Muchaidze_Lecture_22/Info.plist;
				INFOPLIST_KEY_UIApplicationSupportsIndirectInputEvents = YES;
				INFOPLIST_KEY_UILaunchStoryboardName = LaunchScreen;
				INFOPLIST_KEY_UIMainStoryboardFile = Main;
				INFOPLIST_KEY_UISupportedInterfaceOrientations_iPad = "UIInterfaceOrientationPortrait UIInterfaceOrientationPortraitUpsideDown UIInterfaceOrientationLandscapeLeft UIInterfaceOrientationLandscapeRight";
				INFOPLIST_KEY_UISupportedInterfaceOrientations_iPhone = "UIInterfaceOrientationPortrait UIInterfaceOrientationLandscapeLeft UIInterfaceOrientationLandscapeRight";
				LD_RUNPATH_SEARCH_PATHS = (
					"$(inherited)",
					"@executable_path/Frameworks",
				);
				MARKETING_VERSION = 1.0;
				PRODUCT_BUNDLE_IDENTIFIER = "ge-Muchaidze-Lecture-22.Muchaidze-Lecture-22";
				PRODUCT_NAME = "$(TARGET_NAME)";
				SWIFT_EMIT_LOC_STRINGS = YES;
				SWIFT_VERSION = 5.0;
				TARGETED_DEVICE_FAMILY = "1,2";
			};
			name = Release;
		};
/* End XCBuildConfiguration section */

/* Begin XCConfigurationList section */
		24919C1428A7CF32003102CF /* Build configuration list for PBXProject "Muchaidze_Lecture_22" */ = {
			isa = XCConfigurationList;
			buildConfigurations = (
				24919C2B28A7CF34003102CF /* Debug */,
				24919C2C28A7CF34003102CF /* Release */,
			);
			defaultConfigurationIsVisible = 0;
			defaultConfigurationName = Release;
		};
		24919C2D28A7CF34003102CF /* Build configuration list for PBXNativeTarget "Muchaidze_Lecture_22" */ = {
			isa = XCConfigurationList;
			buildConfigurations = (
				24919C2E28A7CF34003102CF /* Debug */,
				24919C2F28A7CF34003102CF /* Release */,
			);
			defaultConfigurationIsVisible = 0;
			defaultConfigurationName = Release;
		};
/* End XCConfigurationList section */
	};
	rootObject = 24919C1128A7CF32003102CF /* Project object */;
}
